// !$*UTF8*$!
{
	archiveVersion = 1;
	classes = {
	};
	objectVersion = 55;
	objects = {

/* Begin PBXBuildFile section */
		A2EC4823DFDFB7062A4D7718 /* Pods_Tireless.framework in Frameworks */ = {isa = PBXBuildFile; fileRef = 745C2223D0E016BB19811AAA /* Pods_Tireless.framework */; };
		FF14449428009C010027F560 /* Box.swift in Sources */ = {isa = PBXBuildFile; fileRef = FF14449328009C010027F560 /* Box.swift */; };
		FF1444A6280156700027F560 /* UIUtilities.swift in Sources */ = {isa = PBXBuildFile; fileRef = FF1444A5280156700027F560 /* UIUtilities.swift */; };
		FF1444A828015BDE0027F560 /* PoseDetectViewModel.swift in Sources */ = {isa = PBXBuildFile; fileRef = FF1444A728015BDE0027F560 /* PoseDetectViewModel.swift */; };
		FF1444AA2801623E0027F560 /* PosePoint.swift in Sources */ = {isa = PBXBuildFile; fileRef = FF1444A92801623E0027F560 /* PosePoint.swift */; };
		FF1444AC280163330027F560 /* PosePointViewModel.swift in Sources */ = {isa = PBXBuildFile; fileRef = FF1444AB280163330027F560 /* PosePointViewModel.swift */; };
		FF1444AF280183920027F560 /* SquatManager.swift in Sources */ = {isa = PBXBuildFile; fileRef = FF1444AE280183920027F560 /* SquatManager.swift */; };
		FF1444B12801A6760027F560 /* StartManager.swift in Sources */ = {isa = PBXBuildFile; fileRef = FF1444B02801A6760027F560 /* StartManager.swift */; };
		FF1444C9280411A50027F560 /* CountDownGo.json in Resources */ = {isa = PBXBuildFile; fileRef = FF1444C8280411A50027F560 /* CountDownGo.json */; };
		FF1444CC28041BC70027F560 /* DetectFinishViewController.swift in Sources */ = {isa = PBXBuildFile; fileRef = FF1444CB28041BC70027F560 /* DetectFinishViewController.swift */; };
		FF308E552805478D00265863 /* VideoRecord.swift in Sources */ = {isa = PBXBuildFile; fileRef = FF308E542805478D00265863 /* VideoRecord.swift */; };
		FF308E5B2805560F00265863 /* DetectDone.json in Resources */ = {isa = PBXBuildFile; fileRef = FF308E5A2805560F00265863 /* DetectDone.json */; };
		FF308E5D28055F9700265863 /* DetectFinishView.xib in Resources */ = {isa = PBXBuildFile; fileRef = FF308E5C28055F9700265863 /* DetectFinishView.xib */; };
		FF308E5F28055F9E00265863 /* DetectFinishView.swift in Sources */ = {isa = PBXBuildFile; fileRef = FF308E5E28055F9E00265863 /* DetectFinishView.swift */; };
		FF308E64280578A700265863 /* ShareWallViewController.swift in Sources */ = {isa = PBXBuildFile; fileRef = FF308E63280578A700265863 /* ShareWallViewController.swift */; };
		FF308E6828057D7800265863 /* HomeViewController.swift in Sources */ = {isa = PBXBuildFile; fileRef = FF308E6728057D7800265863 /* HomeViewController.swift */; };
		FF308E6A2806658F00265863 /* GoogleService-Info.plist in Resources */ = {isa = PBXBuildFile; fileRef = FF308E692806658F00265863 /* GoogleService-Info.plist */; };
		FF308E6D28066E0D00265863 /* VideoManager.swift in Sources */ = {isa = PBXBuildFile; fileRef = FF308E6C28066E0D00265863 /* VideoManager.swift */; };
		FF308E6F2806822B00265863 /* Video.swift in Sources */ = {isa = PBXBuildFile; fileRef = FF308E6E2806822B00265863 /* Video.swift */; };
		FF308E712806BB8C00265863 /* progressBar.json in Resources */ = {isa = PBXBuildFile; fileRef = FF308E702806BB8C00265863 /* progressBar.json */; };
		FF308E752807A47F00265863 /* DateHelper.swift in Sources */ = {isa = PBXBuildFile; fileRef = FF308E742807A47F00265863 /* DateHelper.swift */; };
		FF308E772807A4F400265863 /* User.swift in Sources */ = {isa = PBXBuildFile; fileRef = FF308E762807A4F400265863 /* User.swift */; };
		FFC0C15528008F640041A937 /* AppDelegate.swift in Sources */ = {isa = PBXBuildFile; fileRef = FFC0C15428008F640041A937 /* AppDelegate.swift */; };
		FFC0C15728008F640041A937 /* SceneDelegate.swift in Sources */ = {isa = PBXBuildFile; fileRef = FFC0C15628008F640041A937 /* SceneDelegate.swift */; };
		FFC0C15928008F640041A937 /* PoseDetectViewController.swift in Sources */ = {isa = PBXBuildFile; fileRef = FFC0C15828008F640041A937 /* PoseDetectViewController.swift */; };
		FFC0C15C28008F640041A937 /* Main.storyboard in Resources */ = {isa = PBXBuildFile; fileRef = FFC0C15A28008F640041A937 /* Main.storyboard */; };
		FFC0C15E28008F650041A937 /* Assets.xcassets in Resources */ = {isa = PBXBuildFile; fileRef = FFC0C15D28008F650041A937 /* Assets.xcassets */; };
		FFC0C16128008F650041A937 /* LaunchScreen.storyboard in Resources */ = {isa = PBXBuildFile; fileRef = FFC0C15F28008F650041A937 /* LaunchScreen.storyboard */; };
/* End PBXBuildFile section */

/* Begin PBXFileReference section */
		05E556113668D1752E0D9FE4 /* Pods-Tireless.debug.xcconfig */ = {isa = PBXFileReference; includeInIndex = 1; lastKnownFileType = text.xcconfig; name = "Pods-Tireless.debug.xcconfig"; path = "Target Support Files/Pods-Tireless/Pods-Tireless.debug.xcconfig"; sourceTree = "<group>"; };
		745C2223D0E016BB19811AAA /* Pods_Tireless.framework */ = {isa = PBXFileReference; explicitFileType = wrapper.framework; includeInIndex = 0; path = Pods_Tireless.framework; sourceTree = BUILT_PRODUCTS_DIR; };
		902475581BC1707FF0D936C1 /* Pods-Tireless.release.xcconfig */ = {isa = PBXFileReference; includeInIndex = 1; lastKnownFileType = text.xcconfig; name = "Pods-Tireless.release.xcconfig"; path = "Target Support Files/Pods-Tireless/Pods-Tireless.release.xcconfig"; sourceTree = "<group>"; };
		FF14449328009C010027F560 /* Box.swift */ = {isa = PBXFileReference; lastKnownFileType = sourcecode.swift; path = Box.swift; sourceTree = "<group>"; };
		FF1444A5280156700027F560 /* UIUtilities.swift */ = {isa = PBXFileReference; lastKnownFileType = sourcecode.swift; path = UIUtilities.swift; sourceTree = "<group>"; };
		FF1444A728015BDE0027F560 /* PoseDetectViewModel.swift */ = {isa = PBXFileReference; lastKnownFileType = sourcecode.swift; path = PoseDetectViewModel.swift; sourceTree = "<group>"; };
		FF1444A92801623E0027F560 /* PosePoint.swift */ = {isa = PBXFileReference; lastKnownFileType = sourcecode.swift; path = PosePoint.swift; sourceTree = "<group>"; };
		FF1444AB280163330027F560 /* PosePointViewModel.swift */ = {isa = PBXFileReference; lastKnownFileType = sourcecode.swift; path = PosePointViewModel.swift; sourceTree = "<group>"; };
		FF1444AE280183920027F560 /* SquatManager.swift */ = {isa = PBXFileReference; lastKnownFileType = sourcecode.swift; path = SquatManager.swift; sourceTree = "<group>"; };
		FF1444B02801A6760027F560 /* StartManager.swift */ = {isa = PBXFileReference; lastKnownFileType = sourcecode.swift; path = StartManager.swift; sourceTree = "<group>"; };
		FF1444C8280411A50027F560 /* CountDownGo.json */ = {isa = PBXFileReference; fileEncoding = 4; lastKnownFileType = text.json; path = CountDownGo.json; sourceTree = "<group>"; };
		FF1444CB28041BC70027F560 /* DetectFinishViewController.swift */ = {isa = PBXFileReference; lastKnownFileType = sourcecode.swift; path = DetectFinishViewController.swift; sourceTree = "<group>"; };
		FF308E542805478D00265863 /* VideoRecord.swift */ = {isa = PBXFileReference; lastKnownFileType = sourcecode.swift; path = VideoRecord.swift; sourceTree = "<group>"; };
		FF308E5A2805560F00265863 /* DetectDone.json */ = {isa = PBXFileReference; fileEncoding = 4; lastKnownFileType = text.json; path = DetectDone.json; sourceTree = "<group>"; };
		FF308E5C28055F9700265863 /* DetectFinishView.xib */ = {isa = PBXFileReference; lastKnownFileType = file.xib; path = DetectFinishView.xib; sourceTree = "<group>"; };
		FF308E5E28055F9E00265863 /* DetectFinishView.swift */ = {isa = PBXFileReference; lastKnownFileType = sourcecode.swift; path = DetectFinishView.swift; sourceTree = "<group>"; };
		FF308E63280578A700265863 /* ShareWallViewController.swift */ = {isa = PBXFileReference; lastKnownFileType = sourcecode.swift; path = ShareWallViewController.swift; sourceTree = "<group>"; };
		FF308E6728057D7800265863 /* HomeViewController.swift */ = {isa = PBXFileReference; lastKnownFileType = sourcecode.swift; path = HomeViewController.swift; sourceTree = "<group>"; };
		FF308E692806658F00265863 /* GoogleService-Info.plist */ = {isa = PBXFileReference; fileEncoding = 4; lastKnownFileType = text.plist.xml; path = "GoogleService-Info.plist"; sourceTree = "<group>"; };
		FF308E6C28066E0D00265863 /* VideoManager.swift */ = {isa = PBXFileReference; lastKnownFileType = sourcecode.swift; path = VideoManager.swift; sourceTree = "<group>"; };
		FF308E6E2806822B00265863 /* Video.swift */ = {isa = PBXFileReference; lastKnownFileType = sourcecode.swift; path = Video.swift; sourceTree = "<group>"; };
		FF308E702806BB8C00265863 /* progressBar.json */ = {isa = PBXFileReference; fileEncoding = 4; lastKnownFileType = text.json; path = progressBar.json; sourceTree = "<group>"; };
		FF308E742807A47F00265863 /* DateHelper.swift */ = {isa = PBXFileReference; lastKnownFileType = sourcecode.swift; path = DateHelper.swift; sourceTree = "<group>"; };
		FF308E762807A4F400265863 /* User.swift */ = {isa = PBXFileReference; lastKnownFileType = sourcecode.swift; path = User.swift; sourceTree = "<group>"; };
		FFC0C15128008F640041A937 /* Tireless.app */ = {isa = PBXFileReference; explicitFileType = wrapper.application; includeInIndex = 0; path = Tireless.app; sourceTree = BUILT_PRODUCTS_DIR; };
		FFC0C15428008F640041A937 /* AppDelegate.swift */ = {isa = PBXFileReference; lastKnownFileType = sourcecode.swift; path = AppDelegate.swift; sourceTree = "<group>"; };
		FFC0C15628008F640041A937 /* SceneDelegate.swift */ = {isa = PBXFileReference; lastKnownFileType = sourcecode.swift; path = SceneDelegate.swift; sourceTree = "<group>"; };
		FFC0C15828008F640041A937 /* PoseDetectViewController.swift */ = {isa = PBXFileReference; lastKnownFileType = sourcecode.swift; path = PoseDetectViewController.swift; sourceTree = "<group>"; };
		FFC0C15B28008F640041A937 /* Base */ = {isa = PBXFileReference; lastKnownFileType = file.storyboard; name = Base; path = Base.lproj/Main.storyboard; sourceTree = "<group>"; };
		FFC0C15D28008F650041A937 /* Assets.xcassets */ = {isa = PBXFileReference; lastKnownFileType = folder.assetcatalog; path = Assets.xcassets; sourceTree = "<group>"; };
		FFC0C16028008F650041A937 /* Base */ = {isa = PBXFileReference; lastKnownFileType = file.storyboard; name = Base; path = Base.lproj/LaunchScreen.storyboard; sourceTree = "<group>"; };
		FFC0C16228008F650041A937 /* Info.plist */ = {isa = PBXFileReference; lastKnownFileType = text.plist.xml; path = Info.plist; sourceTree = "<group>"; };
/* End PBXFileReference section */

/* Begin PBXFrameworksBuildPhase section */
		FFC0C14E28008F640041A937 /* Frameworks */ = {
			isa = PBXFrameworksBuildPhase;
			buildActionMask = 2147483647;
			files = (
				A2EC4823DFDFB7062A4D7718 /* Pods_Tireless.framework in Frameworks */,
			);
			runOnlyForDeploymentPostprocessing = 0;
		};
/* End PBXFrameworksBuildPhase section */

/* Begin PBXGroup section */
		8F4A639777C772A20A212B98 /* Pods */ = {
			isa = PBXGroup;
			children = (
				05E556113668D1752E0D9FE4 /* Pods-Tireless.debug.xcconfig */,
				902475581BC1707FF0D936C1 /* Pods-Tireless.release.xcconfig */,
			);
			path = Pods;
			sourceTree = "<group>";
		};
		F088B6317C172ACEDE2B5A23 /* Frameworks */ = {
			isa = PBXGroup;
			children = (
				745C2223D0E016BB19811AAA /* Pods_Tireless.framework */,
			);
			name = Frameworks;
			sourceTree = "<group>";
		};
		FF14448E28009B480027F560 /* View */ = {
			isa = PBXGroup;
			children = (
				FF308E6028055FA100265863 /* DetectFinishView */,
				FFC0C15A28008F640041A937 /* Main.storyboard */,
			);
			path = View;
			sourceTree = "<group>";
		};
		FF14448F28009B5A0027F560 /* Controller */ = {
			isa = PBXGroup;
			children = (
				FF308E6528057D5D00265863 /* Home */,
				FF308E612805787300265863 /* PoseDetect */,
				FF308E622805787F00265863 /* ShareWall */,
			);
			path = Controller;
			sourceTree = "<group>";
		};
		FF14449028009B640027F560 /* ViewModel */ = {
			isa = PBXGroup;
			children = (
				FF1444C12803AEA50027F560 /* Exercise */,
				FF1444AD2801836E0027F560 /* PoseDetect */,
			);
			path = ViewModel;
			sourceTree = "<group>";
		};
		FF14449128009B6F0027F560 /* Model */ = {
			isa = PBXGroup;
			children = (
				FF1444A92801623E0027F560 /* PosePoint.swift */,
				FF308E6E2806822B00265863 /* Video.swift */,
				FF308E762807A4F400265863 /* User.swift */,
			);
			path = Model;
			sourceTree = "<group>";
		};
		FF14449228009B740027F560 /* Util */ = {
			isa = PBXGroup;
			children = (
				FF14449328009C010027F560 /* Box.swift */,
			);
			path = Util;
			sourceTree = "<group>";
		};
		FF1444A2280156480027F560 /* Extenesions */ = {
			isa = PBXGroup;
			children = (
				FF308E722807A46700265863 /* Helper */,
				FF1444BB280336170027F560 /* VideoRecord */,
				FF1444A4280156600027F560 /* MLKit */,
			);
			path = Extenesions;
			sourceTree = "<group>";
		};
		FF1444A4280156600027F560 /* MLKit */ = {
			isa = PBXGroup;
			children = (
				FF1444A5280156700027F560 /* UIUtilities.swift */,
			);
			path = MLKit;
			sourceTree = "<group>";
		};
		FF1444AD2801836E0027F560 /* PoseDetect */ = {
			isa = PBXGroup;
			children = (
				FF1444A728015BDE0027F560 /* PoseDetectViewModel.swift */,
				FF1444AB280163330027F560 /* PosePointViewModel.swift */,
			);
			path = PoseDetect;
			sourceTree = "<group>";
		};
		FF1444BB280336170027F560 /* VideoRecord */ = {
			isa = PBXGroup;
			children = (
				FF308E542805478D00265863 /* VideoRecord.swift */,
			);
			path = VideoRecord;
			sourceTree = "<group>";
		};
		FF1444C12803AEA50027F560 /* Exercise */ = {
			isa = PBXGroup;
			children = (
				FF1444AE280183920027F560 /* SquatManager.swift */,
				FF1444B02801A6760027F560 /* StartManager.swift */,
			);
			path = Exercise;
			sourceTree = "<group>";
		};
		FF1444C52803DF7F0027F560 /* Resource */ = {
			isa = PBXGroup;
			children = (
				FF1444CA28041AFC0027F560 /* Lottie */,
				FFC0C15D28008F650041A937 /* Assets.xcassets */,
			);
			path = Resource;
			sourceTree = "<group>";
		};
		FF1444CA28041AFC0027F560 /* Lottie */ = {
			isa = PBXGroup;
			children = (
				FF1444C8280411A50027F560 /* CountDownGo.json */,
				FF308E5A2805560F00265863 /* DetectDone.json */,
				FF308E702806BB8C00265863 /* progressBar.json */,
			);
			path = Lottie;
			sourceTree = "<group>";
		};
		FF308E6028055FA100265863 /* DetectFinishView */ = {
			isa = PBXGroup;
			children = (
				FF308E5C28055F9700265863 /* DetectFinishView.xib */,
				FF308E5E28055F9E00265863 /* DetectFinishView.swift */,
			);
			path = DetectFinishView;
			sourceTree = "<group>";
		};
		FF308E612805787300265863 /* PoseDetect */ = {
			isa = PBXGroup;
			children = (
				FFC0C15828008F640041A937 /* PoseDetectViewController.swift */,
				FF1444CB28041BC70027F560 /* DetectFinishViewController.swift */,
			);
			path = PoseDetect;
			sourceTree = "<group>";
		};
		FF308E622805787F00265863 /* ShareWall */ = {
			isa = PBXGroup;
			children = (
				FF308E63280578A700265863 /* ShareWallViewController.swift */,
			);
			path = ShareWall;
			sourceTree = "<group>";
		};
		FF308E6528057D5D00265863 /* Home */ = {
			isa = PBXGroup;
			children = (
				FF308E6728057D7800265863 /* HomeViewController.swift */,
			);
			path = Home;
			sourceTree = "<group>";
		};
		FF308E6B28066DF200265863 /* Network */ = {
			isa = PBXGroup;
			children = (
				FF308E6C28066E0D00265863 /* VideoManager.swift */,
			);
			path = Network;
			sourceTree = "<group>";
		};
		FF308E722807A46700265863 /* Helper */ = {
			isa = PBXGroup;
			children = (
				FF308E742807A47F00265863 /* DateHelper.swift */,
			);
			path = Helper;
			sourceTree = "<group>";
		};
		FFC0C14828008F640041A937 = {
			isa = PBXGroup;
			children = (
				FFC0C15328008F640041A937 /* Tireless */,
				FFC0C15228008F640041A937 /* Products */,
				8F4A639777C772A20A212B98 /* Pods */,
				F088B6317C172ACEDE2B5A23 /* Frameworks */,
			);
			sourceTree = "<group>";
		};
		FFC0C15228008F640041A937 /* Products */ = {
			isa = PBXGroup;
			children = (
				FFC0C15128008F640041A937 /* Tireless.app */,
			);
			name = Products;
			sourceTree = "<group>";
		};
		FFC0C15328008F640041A937 /* Tireless */ = {
			isa = PBXGroup;
			children = (
				FF308E6B28066DF200265863 /* Network */,
				FF1444A2280156480027F560 /* Extenesions */,
				FF14448E28009B480027F560 /* View */,
				FF14449228009B740027F560 /* Util */,
				FF14449028009B640027F560 /* ViewModel */,
				FF14448F28009B5A0027F560 /* Controller */,
				FF14449128009B6F0027F560 /* Model */,
				FF1444C52803DF7F0027F560 /* Resource */,
				FFC0C15428008F640041A937 /* AppDelegate.swift */,
				FFC0C15628008F640041A937 /* SceneDelegate.swift */,
				FFC0C15F28008F650041A937 /* LaunchScreen.storyboard */,
				FF308E692806658F00265863 /* GoogleService-Info.plist */,
				FFC0C16228008F650041A937 /* Info.plist */,
			);
			path = Tireless;
			sourceTree = "<group>";
		};
/* End PBXGroup section */

/* Begin PBXNativeTarget section */
		FFC0C15028008F640041A937 /* Tireless */ = {
			isa = PBXNativeTarget;
			buildConfigurationList = FFC0C16528008F650041A937 /* Build configuration list for PBXNativeTarget "Tireless" */;
			buildPhases = (
				6E41D0217CD08F4B2A7C49A7 /* [CP] Check Pods Manifest.lock */,
				FFC0C14D28008F640041A937 /* Sources */,
				FFC0C14E28008F640041A937 /* Frameworks */,
				FFC0C14F28008F640041A937 /* Resources */,
				FF14448D280094800027F560 /* SwiftLint  */,
				7B1C0B9D45046C9981F6F2A8 /* [CP] Embed Pods Frameworks */,
				1C5D0B16ADC731FDB07B638C /* [CP] Copy Pods Resources */,
			);
			buildRules = (
			);
			dependencies = (
			);
			name = Tireless;
			productName = Tireless;
			productReference = FFC0C15128008F640041A937 /* Tireless.app */;
			productType = "com.apple.product-type.application";
		};
/* End PBXNativeTarget section */

/* Begin PBXProject section */
		FFC0C14928008F640041A937 /* Project object */ = {
			isa = PBXProject;
			attributes = {
				BuildIndependentTargetsInParallel = 1;
				LastSwiftUpdateCheck = 1330;
				LastUpgradeCheck = 1330;
				TargetAttributes = {
					FFC0C15028008F640041A937 = {
						CreatedOnToolsVersion = 13.3;
					};
				};
			};
			buildConfigurationList = FFC0C14C28008F640041A937 /* Build configuration list for PBXProject "Tireless" */;
			compatibilityVersion = "Xcode 13.0";
			developmentRegion = en;
			hasScannedForEncodings = 0;
			knownRegions = (
				en,
				Base,
			);
			mainGroup = FFC0C14828008F640041A937;
			productRefGroup = FFC0C15228008F640041A937 /* Products */;
			projectDirPath = "";
			projectRoot = "";
			targets = (
				FFC0C15028008F640041A937 /* Tireless */,
			);
		};
/* End PBXProject section */

/* Begin PBXResourcesBuildPhase section */
		FFC0C14F28008F640041A937 /* Resources */ = {
			isa = PBXResourcesBuildPhase;
			buildActionMask = 2147483647;
			files = (
				FF308E712806BB8C00265863 /* progressBar.json in Resources */,
				FF1444C9280411A50027F560 /* CountDownGo.json in Resources */,
				FFC0C16128008F650041A937 /* LaunchScreen.storyboard in Resources */,
				FF308E5D28055F9700265863 /* DetectFinishView.xib in Resources */,
				FFC0C15E28008F650041A937 /* Assets.xcassets in Resources */,
				FF308E5B2805560F00265863 /* DetectDone.json in Resources */,
				FFC0C15C28008F640041A937 /* Main.storyboard in Resources */,
				FF308E6A2806658F00265863 /* GoogleService-Info.plist in Resources */,
			);
			runOnlyForDeploymentPostprocessing = 0;
		};
/* End PBXResourcesBuildPhase section */

/* Begin PBXShellScriptBuildPhase section */
		1C5D0B16ADC731FDB07B638C /* [CP] Copy Pods Resources */ = {
			isa = PBXShellScriptBuildPhase;
			buildActionMask = 2147483647;
			files = (
			);
			inputFileListPaths = (
				"${PODS_ROOT}/Target Support Files/Pods-Tireless/Pods-Tireless-resources-${CONFIGURATION}-input-files.xcfilelist",
			);
			name = "[CP] Copy Pods Resources";
			outputFileListPaths = (
				"${PODS_ROOT}/Target Support Files/Pods-Tireless/Pods-Tireless-resources-${CONFIGURATION}-output-files.xcfilelist",
			);
			runOnlyForDeploymentPostprocessing = 0;
			shellPath = /bin/sh;
			shellScript = "\"${PODS_ROOT}/Target Support Files/Pods-Tireless/Pods-Tireless-resources.sh\"\n";
			showEnvVarsInLog = 0;
		};
		6E41D0217CD08F4B2A7C49A7 /* [CP] Check Pods Manifest.lock */ = {
			isa = PBXShellScriptBuildPhase;
			buildActionMask = 2147483647;
			files = (
			);
			inputFileListPaths = (
			);
			inputPaths = (
				"${PODS_PODFILE_DIR_PATH}/Podfile.lock",
				"${PODS_ROOT}/Manifest.lock",
			);
			name = "[CP] Check Pods Manifest.lock";
			outputFileListPaths = (
			);
			outputPaths = (
				"$(DERIVED_FILE_DIR)/Pods-Tireless-checkManifestLockResult.txt",
			);
			runOnlyForDeploymentPostprocessing = 0;
			shellPath = /bin/sh;
			shellScript = "diff \"${PODS_PODFILE_DIR_PATH}/Podfile.lock\" \"${PODS_ROOT}/Manifest.lock\" > /dev/null\nif [ $? != 0 ] ; then\n    # print error to STDERR\n    echo \"error: The sandbox is not in sync with the Podfile.lock. Run 'pod install' or update your CocoaPods installation.\" >&2\n    exit 1\nfi\n# This output is used by Xcode 'outputs' to avoid re-running this script phase.\necho \"SUCCESS\" > \"${SCRIPT_OUTPUT_FILE_0}\"\n";
			showEnvVarsInLog = 0;
		};
		7B1C0B9D45046C9981F6F2A8 /* [CP] Embed Pods Frameworks */ = {
			isa = PBXShellScriptBuildPhase;
			buildActionMask = 2147483647;
			files = (
			);
			inputFileListPaths = (
				"${PODS_ROOT}/Target Support Files/Pods-Tireless/Pods-Tireless-frameworks-${CONFIGURATION}-input-files.xcfilelist",
			);
			name = "[CP] Embed Pods Frameworks";
			outputFileListPaths = (
				"${PODS_ROOT}/Target Support Files/Pods-Tireless/Pods-Tireless-frameworks-${CONFIGURATION}-output-files.xcfilelist",
			);
			runOnlyForDeploymentPostprocessing = 0;
			shellPath = /bin/sh;
			shellScript = "\"${PODS_ROOT}/Target Support Files/Pods-Tireless/Pods-Tireless-frameworks.sh\"\n";
			showEnvVarsInLog = 0;
		};
		FF14448D280094800027F560 /* SwiftLint  */ = {
			isa = PBXShellScriptBuildPhase;
			buildActionMask = 2147483647;
			files = (
			);
			inputFileListPaths = (
			);
			inputPaths = (
			);
			name = "SwiftLint ";
			outputFileListPaths = (
			);
			outputPaths = (
			);
			runOnlyForDeploymentPostprocessing = 0;
			shellPath = /bin/sh;
			shellScript = "# SwiftLint Pods\n\"${PODS_ROOT}/SwiftLint/swiftlint\"\n";
		};
/* End PBXShellScriptBuildPhase section */

/* Begin PBXSourcesBuildPhase section */
		FFC0C14D28008F640041A937 /* Sources */ = {
			isa = PBXSourcesBuildPhase;
			buildActionMask = 2147483647;
			files = (
				FF1444CC28041BC70027F560 /* DetectFinishViewController.swift in Sources */,
				FF1444B12801A6760027F560 /* StartManager.swift in Sources */,
				FF308E552805478D00265863 /* VideoRecord.swift in Sources */,
				FF1444AC280163330027F560 /* PosePointViewModel.swift in Sources */,
				FF308E64280578A700265863 /* ShareWallViewController.swift in Sources */,
				FF308E6828057D7800265863 /* HomeViewController.swift in Sources */,
				FF308E5F28055F9E00265863 /* DetectFinishView.swift in Sources */,
				FF1444AF280183920027F560 /* SquatManager.swift in Sources */,
				FF1444A828015BDE0027F560 /* PoseDetectViewModel.swift in Sources */,
				FFC0C15928008F640041A937 /* PoseDetectViewController.swift in Sources */,
				FF1444AA2801623E0027F560 /* PosePoint.swift in Sources */,
				FF308E6F2806822B00265863 /* Video.swift in Sources */,
				FF1444A6280156700027F560 /* UIUtilities.swift in Sources */,
				FF14449428009C010027F560 /* Box.swift in Sources */,
				FFC0C15528008F640041A937 /* AppDelegate.swift in Sources */,
				FF308E752807A47F00265863 /* DateHelper.swift in Sources */,
				FFC0C15728008F640041A937 /* SceneDelegate.swift in Sources */,
				FF308E6D28066E0D00265863 /* VideoManager.swift in Sources */,
				FF308E772807A4F400265863 /* User.swift in Sources */,
			);
			runOnlyForDeploymentPostprocessing = 0;
		};
/* End PBXSourcesBuildPhase section */

/* Begin PBXVariantGroup section */
		FFC0C15A28008F640041A937 /* Main.storyboard */ = {
			isa = PBXVariantGroup;
			children = (
				FFC0C15B28008F640041A937 /* Base */,
			);
			name = Main.storyboard;
			sourceTree = "<group>";
		};
		FFC0C15F28008F650041A937 /* LaunchScreen.storyboard */ = {
			isa = PBXVariantGroup;
			children = (
				FFC0C16028008F650041A937 /* Base */,
			);
			name = LaunchScreen.storyboard;
			sourceTree = "<group>";
		};
/* End PBXVariantGroup section */

/* Begin XCBuildConfiguration section */
		FFC0C16328008F650041A937 /* Debug */ = {
			isa = XCBuildConfiguration;
			buildSettings = {
				ALWAYS_SEARCH_USER_PATHS = NO;
				CLANG_ANALYZER_NONNULL = YES;
				CLANG_ANALYZER_NUMBER_OBJECT_CONVERSION = YES_AGGRESSIVE;
				CLANG_CXX_LANGUAGE_STANDARD = "gnu++17";
				CLANG_ENABLE_MODULES = YES;
				CLANG_ENABLE_OBJC_ARC = YES;
				CLANG_ENABLE_OBJC_WEAK = YES;
				CLANG_WARN_BLOCK_CAPTURE_AUTORELEASING = YES;
				CLANG_WARN_BOOL_CONVERSION = YES;
				CLANG_WARN_COMMA = YES;
				CLANG_WARN_CONSTANT_CONVERSION = YES;
				CLANG_WARN_DEPRECATED_OBJC_IMPLEMENTATIONS = YES;
				CLANG_WARN_DIRECT_OBJC_ISA_USAGE = YES_ERROR;
				CLANG_WARN_DOCUMENTATION_COMMENTS = YES;
				CLANG_WARN_EMPTY_BODY = YES;
				CLANG_WARN_ENUM_CONVERSION = YES;
				CLANG_WARN_INFINITE_RECURSION = YES;
				CLANG_WARN_INT_CONVERSION = YES;
				CLANG_WARN_NON_LITERAL_NULL_CONVERSION = YES;
				CLANG_WARN_OBJC_IMPLICIT_RETAIN_SELF = YES;
				CLANG_WARN_OBJC_LITERAL_CONVERSION = YES;
				CLANG_WARN_OBJC_ROOT_CLASS = YES_ERROR;
				CLANG_WARN_QUOTED_INCLUDE_IN_FRAMEWORK_HEADER = YES;
				CLANG_WARN_RANGE_LOOP_ANALYSIS = YES;
				CLANG_WARN_STRICT_PROTOTYPES = YES;
				CLANG_WARN_SUSPICIOUS_MOVE = YES;
				CLANG_WARN_UNGUARDED_AVAILABILITY = YES_AGGRESSIVE;
				CLANG_WARN_UNREACHABLE_CODE = YES;
				CLANG_WARN__DUPLICATE_METHOD_MATCH = YES;
				COPY_PHASE_STRIP = NO;
				DEBUG_INFORMATION_FORMAT = dwarf;
				ENABLE_STRICT_OBJC_MSGSEND = YES;
				ENABLE_TESTABILITY = YES;
				"EXCLUDED_ARCHS[sdk=iphonesimulator*]" = arm64;
				GCC_C_LANGUAGE_STANDARD = gnu11;
				GCC_DYNAMIC_NO_PIC = NO;
				GCC_NO_COMMON_BLOCKS = YES;
				GCC_OPTIMIZATION_LEVEL = 0;
				GCC_PREPROCESSOR_DEFINITIONS = (
					"DEBUG=1",
					"$(inherited)",
				);
				GCC_WARN_64_TO_32_BIT_CONVERSION = YES;
				GCC_WARN_ABOUT_RETURN_TYPE = YES_ERROR;
				GCC_WARN_UNDECLARED_SELECTOR = YES;
				GCC_WARN_UNINITIALIZED_AUTOS = YES_AGGRESSIVE;
				GCC_WARN_UNUSED_FUNCTION = YES;
				GCC_WARN_UNUSED_VARIABLE = YES;
				IPHONEOS_DEPLOYMENT_TARGET = 14;
				MTL_ENABLE_DEBUG_INFO = INCLUDE_SOURCE;
				MTL_FAST_MATH = YES;
				ONLY_ACTIVE_ARCH = YES;
				SDKROOT = iphoneos;
				SWIFT_ACTIVE_COMPILATION_CONDITIONS = DEBUG;
				SWIFT_OPTIMIZATION_LEVEL = "-Onone";
			};
			name = Debug;
		};
		FFC0C16428008F650041A937 /* Release */ = {
			isa = XCBuildConfiguration;
			buildSettings = {
				ALWAYS_SEARCH_USER_PATHS = NO;
				CLANG_ANALYZER_NONNULL = YES;
				CLANG_ANALYZER_NUMBER_OBJECT_CONVERSION = YES_AGGRESSIVE;
				CLANG_CXX_LANGUAGE_STANDARD = "gnu++17";
				CLANG_ENABLE_MODULES = YES;
				CLANG_ENABLE_OBJC_ARC = YES;
				CLANG_ENABLE_OBJC_WEAK = YES;
				CLANG_WARN_BLOCK_CAPTURE_AUTORELEASING = YES;
				CLANG_WARN_BOOL_CONVERSION = YES;
				CLANG_WARN_COMMA = YES;
				CLANG_WARN_CONSTANT_CONVERSION = YES;
				CLANG_WARN_DEPRECATED_OBJC_IMPLEMENTATIONS = YES;
				CLANG_WARN_DIRECT_OBJC_ISA_USAGE = YES_ERROR;
				CLANG_WARN_DOCUMENTATION_COMMENTS = YES;
				CLANG_WARN_EMPTY_BODY = YES;
				CLANG_WARN_ENUM_CONVERSION = YES;
				CLANG_WARN_INFINITE_RECURSION = YES;
				CLANG_WARN_INT_CONVERSION = YES;
				CLANG_WARN_NON_LITERAL_NULL_CONVERSION = YES;
				CLANG_WARN_OBJC_IMPLICIT_RETAIN_SELF = YES;
				CLANG_WARN_OBJC_LITERAL_CONVERSION = YES;
				CLANG_WARN_OBJC_ROOT_CLASS = YES_ERROR;
				CLANG_WARN_QUOTED_INCLUDE_IN_FRAMEWORK_HEADER = YES;
				CLANG_WARN_RANGE_LOOP_ANALYSIS = YES;
				CLANG_WARN_STRICT_PROTOTYPES = YES;
				CLANG_WARN_SUSPICIOUS_MOVE = YES;
				CLANG_WARN_UNGUARDED_AVAILABILITY = YES_AGGRESSIVE;
				CLANG_WARN_UNREACHABLE_CODE = YES;
				CLANG_WARN__DUPLICATE_METHOD_MATCH = YES;
				COPY_PHASE_STRIP = NO;
				DEBUG_INFORMATION_FORMAT = "dwarf-with-dsym";
				ENABLE_NS_ASSERTIONS = NO;
				ENABLE_STRICT_OBJC_MSGSEND = YES;
				GCC_C_LANGUAGE_STANDARD = gnu11;
				GCC_NO_COMMON_BLOCKS = YES;
				GCC_WARN_64_TO_32_BIT_CONVERSION = YES;
				GCC_WARN_ABOUT_RETURN_TYPE = YES_ERROR;
				GCC_WARN_UNDECLARED_SELECTOR = YES;
				GCC_WARN_UNINITIALIZED_AUTOS = YES_AGGRESSIVE;
				GCC_WARN_UNUSED_FUNCTION = YES;
				GCC_WARN_UNUSED_VARIABLE = YES;
				IPHONEOS_DEPLOYMENT_TARGET = 14;
				MTL_ENABLE_DEBUG_INFO = NO;
				MTL_FAST_MATH = YES;
				SDKROOT = iphoneos;
				SWIFT_COMPILATION_MODE = wholemodule;
				SWIFT_OPTIMIZATION_LEVEL = "-O";
				VALIDATE_PRODUCT = YES;
			};
			name = Release;
		};
		FFC0C16628008F650041A937 /* Debug */ = {
			isa = XCBuildConfiguration;
			baseConfigurationReference = 05E556113668D1752E0D9FE4 /* Pods-Tireless.debug.xcconfig */;
			buildSettings = {
				ASSETCATALOG_COMPILER_APPICON_NAME = AppIcon;
				ASSETCATALOG_COMPILER_GLOBAL_ACCENT_COLOR_NAME = AccentColor;
				CODE_SIGN_STYLE = Automatic;
				CURRENT_PROJECT_VERSION = 1;
				DEVELOPMENT_TEAM = 3F3N8USCH4;
				GENERATE_INFOPLIST_FILE = YES;
				INFOPLIST_FILE = Tireless/Info.plist;
				INFOPLIST_KEY_NSCameraUsageDescription = "We need access your Camera!";
				INFOPLIST_KEY_NSMicrophoneUsageDescription = "We need access your Microphone!";
				INFOPLIST_KEY_NSPhotoLibraryUsageDescription = "We need access your Photo Library!";
				INFOPLIST_KEY_UIApplicationSupportsIndirectInputEvents = YES;
				INFOPLIST_KEY_UILaunchStoryboardName = LaunchScreen;
				INFOPLIST_KEY_UIMainStoryboardFile = Main;
				INFOPLIST_KEY_UISupportedInterfaceOrientations = "";
				INFOPLIST_KEY_UISupportedInterfaceOrientations_iPad = "UIInterfaceOrientationPortrait UIInterfaceOrientationPortraitUpsideDown UIInterfaceOrientationLandscapeLeft UIInterfaceOrientationLandscapeRight";
				INFOPLIST_KEY_UISupportedInterfaceOrientations_iPhone = UIInterfaceOrientationPortrait;
				LD_RUNPATH_SEARCH_PATHS = (
					"$(inherited)",
					"@executable_path/Frameworks",
				);
				MARKETING_VERSION = 1.0;
				PRODUCT_BUNDLE_IDENTIFIER = com.LiamHao.Tireless;
				PRODUCT_NAME = "$(TARGET_NAME)";
				SWIFT_EMIT_LOC_STRINGS = YES;
				SWIFT_VERSION = 5.0;
				TARGETED_DEVICE_FAMILY = "1,2";
			};
			name = Debug;
		};
		FFC0C16728008F650041A937 /* Release */ = {
			isa = XCBuildConfiguration;
			baseConfigurationReference = 902475581BC1707FF0D936C1 /* Pods-Tireless.release.xcconfig */;
			buildSettings = {
				ASSETCATALOG_COMPILER_APPICON_NAME = AppIcon;
				ASSETCATALOG_COMPILER_GLOBAL_ACCENT_COLOR_NAME = AccentColor;
				CODE_SIGN_STYLE = Automatic;
				CURRENT_PROJECT_VERSION = 1;
				DEVELOPMENT_TEAM = 3F3N8USCH4;
				GENERATE_INFOPLIST_FILE = YES;
				INFOPLIST_FILE = Tireless/Info.plist;
				INFOPLIST_KEY_NSCameraUsageDescription = "We need access your Camera!";
				INFOPLIST_KEY_NSMicrophoneUsageDescription = "We need access your Microphone!";
				INFOPLIST_KEY_NSPhotoLibraryUsageDescription = "We need access your Photo Library!";
				INFOPLIST_KEY_UIApplicationSupportsIndirectInputEvents = YES;
				INFOPLIST_KEY_UILaunchStoryboardName = LaunchScreen;
				INFOPLIST_KEY_UIMainStoryboardFile = Main;
				INFOPLIST_KEY_UISupportedInterfaceOrientations = "";
				INFOPLIST_KEY_UISupportedInterfaceOrientations_iPad = "UIInterfaceOrientationPortrait UIInterfaceOrientationPortraitUpsideDown UIInterfaceOrientationLandscapeLeft UIInterfaceOrientationLandscapeRight";
				INFOPLIST_KEY_UISupportedInterfaceOrientations_iPhone = UIInterfaceOrientationPortrait;
				LD_RUNPATH_SEARCH_PATHS = (
					"$(inherited)",
					"@executable_path/Frameworks",
				);
				MARKETING_VERSION = 1.0;
				PRODUCT_BUNDLE_IDENTIFIER = com.LiamHao.Tireless;
				PRODUCT_NAME = "$(TARGET_NAME)";
				SWIFT_EMIT_LOC_STRINGS = YES;
				SWIFT_VERSION = 5.0;
				TARGETED_DEVICE_FAMILY = "1,2";
			};
			name = Release;
		};
/* End XCBuildConfiguration section */

/* Begin XCConfigurationList section */
		FFC0C14C28008F640041A937 /* Build configuration list for PBXProject "Tireless" */ = {
			isa = XCConfigurationList;
			buildConfigurations = (
				FFC0C16328008F650041A937 /* Debug */,
				FFC0C16428008F650041A937 /* Release */,
			);
			defaultConfigurationIsVisible = 0;
			defaultConfigurationName = Release;
		};
		FFC0C16528008F650041A937 /* Build configuration list for PBXNativeTarget "Tireless" */ = {
			isa = XCConfigurationList;
			buildConfigurations = (
				FFC0C16628008F650041A937 /* Debug */,
				FFC0C16728008F650041A937 /* Release */,
			);
			defaultConfigurationIsVisible = 0;
			defaultConfigurationName = Release;
		};
/* End XCConfigurationList section */
	};
	rootObject = FFC0C14928008F640041A937 /* Project object */;
}
