// !$*UTF8*$!
{
	archiveVersion = 1;
	classes = {
	};
	objectVersion = 55;
	objects = {

/* Begin PBXBuildFile section */
		A2EC4823DFDFB7062A4D7718 /* Pods_Tireless.framework in Frameworks */ = {isa = PBXBuildFile; fileRef = 745C2223D0E016BB19811AAA /* Pods_Tireless.framework */; };
		FF14449428009C010027F560 /* Box.swift in Sources */ = {isa = PBXBuildFile; fileRef = FF14449328009C010027F560 /* Box.swift */; };
		FF1444A6280156700027F560 /* UIUtilities.swift in Sources */ = {isa = PBXBuildFile; fileRef = FF1444A5280156700027F560 /* UIUtilities.swift */; };
		FF1444A828015BDE0027F560 /* PoseDetectViewModel.swift in Sources */ = {isa = PBXBuildFile; fileRef = FF1444A728015BDE0027F560 /* PoseDetectViewModel.swift */; };
		FF1444AA2801623E0027F560 /* PosePoint.swift in Sources */ = {isa = PBXBuildFile; fileRef = FF1444A92801623E0027F560 /* PosePoint.swift */; };
		FF1444AC280163330027F560 /* PosePointViewModel.swift in Sources */ = {isa = PBXBuildFile; fileRef = FF1444AB280163330027F560 /* PosePointViewModel.swift */; };
		FF1444AF280183920027F560 /* SquatManager.swift in Sources */ = {isa = PBXBuildFile; fileRef = FF1444AE280183920027F560 /* SquatManager.swift */; };
		FF1444B12801A6760027F560 /* StartManager.swift in Sources */ = {isa = PBXBuildFile; fileRef = FF1444B02801A6760027F560 /* StartManager.swift */; };
		FF1444C9280411A50027F560 /* CountDownGo.json in Resources */ = {isa = PBXBuildFile; fileRef = FF1444C8280411A50027F560 /* CountDownGo.json */; };
		FF1444CC28041BC70027F560 /* DetectFinishViewController.swift in Sources */ = {isa = PBXBuildFile; fileRef = FF1444CB28041BC70027F560 /* DetectFinishViewController.swift */; };
		FF2FE0E9280E8FD100F8890D /* Loading.json in Resources */ = {isa = PBXBuildFile; fileRef = FF2FE0E8280E8FD000F8890D /* Loading.json */; };
		FF2FE0EB280EA8A200F8890D /* UIColor+Extension.swift in Sources */ = {isa = PBXBuildFile; fileRef = FF2FE0EA280EA8A200F8890D /* UIColor+Extension.swift */; };
		FF2FE0EE280ED81700F8890D /* HomeViewCell.swift in Sources */ = {isa = PBXBuildFile; fileRef = FF2FE0ED280ED81700F8890D /* HomeViewCell.swift */; };
		FF2FE0F0280EDB7900F8890D /* HomeHeaderView.swift in Sources */ = {isa = PBXBuildFile; fileRef = FF2FE0EF280EDB7900F8890D /* HomeHeaderView.swift */; };
		FF2FE0F4280F9A5E00F8890D /* HomeDailyHeaderView.swift in Sources */ = {isa = PBXBuildFile; fileRef = FF2FE0F3280F9A5E00F8890D /* HomeDailyHeaderView.swift */; };
		FF308E552805478D00265863 /* VideoRecordManager.swift in Sources */ = {isa = PBXBuildFile; fileRef = FF308E542805478D00265863 /* VideoRecordManager.swift */; };
		FF308E5B2805560F00265863 /* DetectDone.json in Resources */ = {isa = PBXBuildFile; fileRef = FF308E5A2805560F00265863 /* DetectDone.json */; };
		FF308E5D28055F9700265863 /* DetectFinishView.xib in Resources */ = {isa = PBXBuildFile; fileRef = FF308E5C28055F9700265863 /* DetectFinishView.xib */; };
		FF308E5F28055F9E00265863 /* DetectFinishView.swift in Sources */ = {isa = PBXBuildFile; fileRef = FF308E5E28055F9E00265863 /* DetectFinishView.swift */; };
		FF308E64280578A700265863 /* ShareWallViewController.swift in Sources */ = {isa = PBXBuildFile; fileRef = FF308E63280578A700265863 /* ShareWallViewController.swift */; };
		FF308E6828057D7800265863 /* HomeViewController.swift in Sources */ = {isa = PBXBuildFile; fileRef = FF308E6728057D7800265863 /* HomeViewController.swift */; };
		FF308E6A2806658F00265863 /* GoogleService-Info.plist in Resources */ = {isa = PBXBuildFile; fileRef = FF308E692806658F00265863 /* GoogleService-Info.plist */; };
		FF308E6D28066E0D00265863 /* ShareManager.swift in Sources */ = {isa = PBXBuildFile; fileRef = FF308E6C28066E0D00265863 /* ShareManager.swift */; };
		FF308E6F2806822B00265863 /* ShareFiles.swift in Sources */ = {isa = PBXBuildFile; fileRef = FF308E6E2806822B00265863 /* ShareFiles.swift */; };
		FF308E712806BB8C00265863 /* ProgressBar.json in Resources */ = {isa = PBXBuildFile; fileRef = FF308E702806BB8C00265863 /* ProgressBar.json */; };
		FF308E752807A47F00265863 /* Date+Extension.swift in Sources */ = {isa = PBXBuildFile; fileRef = FF308E742807A47F00265863 /* Date+Extension.swift */; };
		FF308E772807A4F400265863 /* User.swift in Sources */ = {isa = PBXBuildFile; fileRef = FF308E762807A4F400265863 /* User.swift */; };
		FF308E7A2807D4A000265863 /* PublishViewModel.swift in Sources */ = {isa = PBXBuildFile; fileRef = FF308E792807D4A000265863 /* PublishViewModel.swift */; };
		FF308E7F28080E5B00265863 /* TabBarController.swift in Sources */ = {isa = PBXBuildFile; fileRef = FF308E7E28080E5B00265863 /* TabBarController.swift */; };
		FF308E8128080FB800265863 /* Main.storyboard in Resources */ = {isa = PBXBuildFile; fileRef = FF308E8028080FB800265863 /* Main.storyboard */; };
		FF308E832808106500265863 /* ShareWall.storyboard in Resources */ = {isa = PBXBuildFile; fileRef = FF308E822808106500265863 /* ShareWall.storyboard */; };
		FF308E852808110100265863 /* UIStoryboard+Extension.swift in Sources */ = {isa = PBXBuildFile; fileRef = FF308E842808110100265863 /* UIStoryboard+Extension.swift */; };
		FF308E882808294900265863 /* ShareWallViewCell.swift in Sources */ = {isa = PBXBuildFile; fileRef = FF308E872808294900265863 /* ShareWallViewCell.swift */; };
		FF308E8A2808296400265863 /* ShareWallViewCell.xib in Resources */ = {isa = PBXBuildFile; fileRef = FF308E892808296400265863 /* ShareWallViewCell.xib */; };
		FF308E8D2809177F00265863 /* ShareWallViewModel.swift in Sources */ = {isa = PBXBuildFile; fileRef = FF308E8C2809177F00265863 /* ShareWallViewModel.swift */; };
		FF308E8F28095B6200265863 /* ShareFilesViewModel.swift in Sources */ = {isa = PBXBuildFile; fileRef = FF308E8E28095B6200265863 /* ShareFilesViewModel.swift */; };
		FF308E94280C67FD00265863 /* SharePictureViewCell.xib in Resources */ = {isa = PBXBuildFile; fileRef = FF308E93280C67FD00265863 /* SharePictureViewCell.xib */; };
		FF308E96280C680F00265863 /* SharePictureViewCell.swift in Sources */ = {isa = PBXBuildFile; fileRef = FF308E95280C680F00265863 /* SharePictureViewCell.swift */; };
		FF308E98280C6AC800265863 /* PictureWallViewController.swift in Sources */ = {isa = PBXBuildFile; fileRef = FF308E97280C6AC800265863 /* PictureWallViewController.swift */; };
		FF308E9A280C6B0A00265863 /* PictureWall.storyboard in Resources */ = {isa = PBXBuildFile; fileRef = FF308E99280C6B0A00265863 /* PictureWall.storyboard */; };
		FF308E9D280C717A00265863 /* KingFisherWrapper.swift in Sources */ = {isa = PBXBuildFile; fileRef = FF308E9C280C717A00265863 /* KingFisherWrapper.swift */; };
		FF3FBE4C280FA83900E6B5DC /* HomeDailyViewCell.xib in Resources */ = {isa = PBXBuildFile; fileRef = FF3FBE4B280FA83900E6B5DC /* HomeDailyViewCell.xib */; };
		FF3FBE4E280FA85100E6B5DC /* HomeDailyViewCell.swift in Sources */ = {isa = PBXBuildFile; fileRef = FF3FBE4D280FA85100E6B5DC /* HomeDailyViewCell.swift */; };
		FF3FBE50280FD15400E6B5DC /* PlanDetailViewController.swift in Sources */ = {isa = PBXBuildFile; fileRef = FF3FBE4F280FD15400E6B5DC /* PlanDetailViewController.swift */; };
		FF3FBE562810648000E6B5DC /* PlanDetailView.swift in Sources */ = {isa = PBXBuildFile; fileRef = FF3FBE552810648000E6B5DC /* PlanDetailView.swift */; };
		FF3FBE5A2811538500E6B5DC /* UIFont+Extension.swift in Sources */ = {isa = PBXBuildFile; fileRef = FF3FBE592811538500E6B5DC /* UIFont+Extension.swift */; };
		FF3FBE602811A1B600E6B5DC /* CounterView.swift in Sources */ = {isa = PBXBuildFile; fileRef = FF3FBE5F2811A1B600E6B5DC /* CounterView.swift */; };
		FF3FBE622811B5EC00E6B5DC /* Squat.json in Resources */ = {isa = PBXBuildFile; fileRef = FF3FBE612811B5EC00E6B5DC /* Squat.json */; };
		FF3FBE652811BE7A00E6B5DC /* HomeViewModel.swift in Sources */ = {isa = PBXBuildFile; fileRef = FF3FBE642811BE7A00E6B5DC /* HomeViewModel.swift */; };
		FF3FBE672811C2E100E6B5DC /* Plan.storyboard in Resources */ = {isa = PBXBuildFile; fileRef = FF3FBE662811C2E100E6B5DC /* Plan.storyboard */; };
		FF3FBE6A2811C33B00E6B5DC /* PlanManageViewController.swift in Sources */ = {isa = PBXBuildFile; fileRef = FF3FBE692811C33B00E6B5DC /* PlanManageViewController.swift */; };
		FF3FBE6C281238FE00E6B5DC /* Plan.swift in Sources */ = {isa = PBXBuildFile; fileRef = FF3FBE6B281238FE00E6B5DC /* Plan.swift */; };
		FF3FBE6E28123A0800E6B5DC /* PlanViewModel.swift in Sources */ = {isa = PBXBuildFile; fileRef = FF3FBE6D28123A0800E6B5DC /* PlanViewModel.swift */; };
		FF3FBE7028125E4E00E6B5DC /* PlanManageViewCell.swift in Sources */ = {isa = PBXBuildFile; fileRef = FF3FBE6F28125E4E00E6B5DC /* PlanManageViewCell.swift */; };
		FF3FBE7228125E5800E6B5DC /* PlanManageViewCell.xib in Resources */ = {isa = PBXBuildFile; fileRef = FF3FBE7128125E5800E6B5DC /* PlanManageViewCell.xib */; };
		FFC0C15528008F640041A937 /* AppDelegate.swift in Sources */ = {isa = PBXBuildFile; fileRef = FFC0C15428008F640041A937 /* AppDelegate.swift */; };
		FFC0C15728008F640041A937 /* SceneDelegate.swift in Sources */ = {isa = PBXBuildFile; fileRef = FFC0C15628008F640041A937 /* SceneDelegate.swift */; };
		FFC0C15928008F640041A937 /* PoseDetectViewController.swift in Sources */ = {isa = PBXBuildFile; fileRef = FFC0C15828008F640041A937 /* PoseDetectViewController.swift */; };
		FFC0C15C28008F640041A937 /* Home.storyboard in Resources */ = {isa = PBXBuildFile; fileRef = FFC0C15A28008F640041A937 /* Home.storyboard */; };
		FFC0C15E28008F650041A937 /* Assets.xcassets in Resources */ = {isa = PBXBuildFile; fileRef = FFC0C15D28008F650041A937 /* Assets.xcassets */; };
		FFC0C16128008F650041A937 /* LaunchScreen.storyboard in Resources */ = {isa = PBXBuildFile; fileRef = FFC0C15F28008F650041A937 /* LaunchScreen.storyboard */; };
/* End PBXBuildFile section */

/* Begin PBXFileReference section */
		05E556113668D1752E0D9FE4 /* Pods-Tireless.debug.xcconfig */ = {isa = PBXFileReference; includeInIndex = 1; lastKnownFileType = text.xcconfig; name = "Pods-Tireless.debug.xcconfig"; path = "Target Support Files/Pods-Tireless/Pods-Tireless.debug.xcconfig"; sourceTree = "<group>"; };
		745C2223D0E016BB19811AAA /* Pods_Tireless.framework */ = {isa = PBXFileReference; explicitFileType = wrapper.framework; includeInIndex = 0; path = Pods_Tireless.framework; sourceTree = BUILT_PRODUCTS_DIR; };
		902475581BC1707FF0D936C1 /* Pods-Tireless.release.xcconfig */ = {isa = PBXFileReference; includeInIndex = 1; lastKnownFileType = text.xcconfig; name = "Pods-Tireless.release.xcconfig"; path = "Target Support Files/Pods-Tireless/Pods-Tireless.release.xcconfig"; sourceTree = "<group>"; };
		FF14449328009C010027F560 /* Box.swift */ = {isa = PBXFileReference; lastKnownFileType = sourcecode.swift; path = Box.swift; sourceTree = "<group>"; };
		FF1444A5280156700027F560 /* UIUtilities.swift */ = {isa = PBXFileReference; lastKnownFileType = sourcecode.swift; path = UIUtilities.swift; sourceTree = "<group>"; };
		FF1444A728015BDE0027F560 /* PoseDetectViewModel.swift */ = {isa = PBXFileReference; lastKnownFileType = sourcecode.swift; path = PoseDetectViewModel.swift; sourceTree = "<group>"; };
		FF1444A92801623E0027F560 /* PosePoint.swift */ = {isa = PBXFileReference; lastKnownFileType = sourcecode.swift; path = PosePoint.swift; sourceTree = "<group>"; };
		FF1444AB280163330027F560 /* PosePointViewModel.swift */ = {isa = PBXFileReference; lastKnownFileType = sourcecode.swift; path = PosePointViewModel.swift; sourceTree = "<group>"; };
		FF1444AE280183920027F560 /* SquatManager.swift */ = {isa = PBXFileReference; lastKnownFileType = sourcecode.swift; path = SquatManager.swift; sourceTree = "<group>"; };
		FF1444B02801A6760027F560 /* StartManager.swift */ = {isa = PBXFileReference; lastKnownFileType = sourcecode.swift; path = StartManager.swift; sourceTree = "<group>"; };
		FF1444C8280411A50027F560 /* CountDownGo.json */ = {isa = PBXFileReference; fileEncoding = 4; lastKnownFileType = text.json; path = CountDownGo.json; sourceTree = "<group>"; };
		FF1444CB28041BC70027F560 /* DetectFinishViewController.swift */ = {isa = PBXFileReference; lastKnownFileType = sourcecode.swift; path = DetectFinishViewController.swift; sourceTree = "<group>"; };
		FF2FE0E8280E8FD000F8890D /* Loading.json */ = {isa = PBXFileReference; fileEncoding = 4; lastKnownFileType = text.json; path = Loading.json; sourceTree = "<group>"; };
		FF2FE0EA280EA8A200F8890D /* UIColor+Extension.swift */ = {isa = PBXFileReference; lastKnownFileType = sourcecode.swift; path = "UIColor+Extension.swift"; sourceTree = "<group>"; };
		FF2FE0ED280ED81700F8890D /* HomeViewCell.swift */ = {isa = PBXFileReference; lastKnownFileType = sourcecode.swift; path = HomeViewCell.swift; sourceTree = "<group>"; };
		FF2FE0EF280EDB7900F8890D /* HomeHeaderView.swift */ = {isa = PBXFileReference; lastKnownFileType = sourcecode.swift; path = HomeHeaderView.swift; sourceTree = "<group>"; };
		FF2FE0F3280F9A5E00F8890D /* HomeDailyHeaderView.swift */ = {isa = PBXFileReference; lastKnownFileType = sourcecode.swift; path = HomeDailyHeaderView.swift; sourceTree = "<group>"; };
		FF308E542805478D00265863 /* VideoRecordManager.swift */ = {isa = PBXFileReference; lastKnownFileType = sourcecode.swift; path = VideoRecordManager.swift; sourceTree = "<group>"; };
		FF308E5A2805560F00265863 /* DetectDone.json */ = {isa = PBXFileReference; fileEncoding = 4; lastKnownFileType = text.json; path = DetectDone.json; sourceTree = "<group>"; };
		FF308E5C28055F9700265863 /* DetectFinishView.xib */ = {isa = PBXFileReference; lastKnownFileType = file.xib; path = DetectFinishView.xib; sourceTree = "<group>"; };
		FF308E5E28055F9E00265863 /* DetectFinishView.swift */ = {isa = PBXFileReference; lastKnownFileType = sourcecode.swift; path = DetectFinishView.swift; sourceTree = "<group>"; };
		FF308E63280578A700265863 /* ShareWallViewController.swift */ = {isa = PBXFileReference; lastKnownFileType = sourcecode.swift; path = ShareWallViewController.swift; sourceTree = "<group>"; };
		FF308E6728057D7800265863 /* HomeViewController.swift */ = {isa = PBXFileReference; lastKnownFileType = sourcecode.swift; path = HomeViewController.swift; sourceTree = "<group>"; };
		FF308E692806658F00265863 /* GoogleService-Info.plist */ = {isa = PBXFileReference; fileEncoding = 4; lastKnownFileType = text.plist.xml; path = "GoogleService-Info.plist"; sourceTree = "<group>"; };
		FF308E6C28066E0D00265863 /* ShareManager.swift */ = {isa = PBXFileReference; lastKnownFileType = sourcecode.swift; path = ShareManager.swift; sourceTree = "<group>"; };
		FF308E6E2806822B00265863 /* ShareFiles.swift */ = {isa = PBXFileReference; lastKnownFileType = sourcecode.swift; path = ShareFiles.swift; sourceTree = "<group>"; };
		FF308E702806BB8C00265863 /* ProgressBar.json */ = {isa = PBXFileReference; fileEncoding = 4; lastKnownFileType = text.json; path = ProgressBar.json; sourceTree = "<group>"; };
		FF308E742807A47F00265863 /* Date+Extension.swift */ = {isa = PBXFileReference; lastKnownFileType = sourcecode.swift; path = "Date+Extension.swift"; sourceTree = "<group>"; };
		FF308E762807A4F400265863 /* User.swift */ = {isa = PBXFileReference; lastKnownFileType = sourcecode.swift; path = User.swift; sourceTree = "<group>"; };
		FF308E792807D4A000265863 /* PublishViewModel.swift */ = {isa = PBXFileReference; lastKnownFileType = sourcecode.swift; path = PublishViewModel.swift; sourceTree = "<group>"; };
		FF308E7E28080E5B00265863 /* TabBarController.swift */ = {isa = PBXFileReference; lastKnownFileType = sourcecode.swift; path = TabBarController.swift; sourceTree = "<group>"; };
		FF308E8028080FB800265863 /* Main.storyboard */ = {isa = PBXFileReference; lastKnownFileType = file.storyboard; path = Main.storyboard; sourceTree = "<group>"; };
		FF308E822808106500265863 /* ShareWall.storyboard */ = {isa = PBXFileReference; lastKnownFileType = file.storyboard; path = ShareWall.storyboard; sourceTree = "<group>"; };
		FF308E842808110100265863 /* UIStoryboard+Extension.swift */ = {isa = PBXFileReference; fileEncoding = 4; lastKnownFileType = sourcecode.swift; path = "UIStoryboard+Extension.swift"; sourceTree = "<group>"; };
		FF308E872808294900265863 /* ShareWallViewCell.swift */ = {isa = PBXFileReference; lastKnownFileType = sourcecode.swift; path = ShareWallViewCell.swift; sourceTree = "<group>"; };
		FF308E892808296400265863 /* ShareWallViewCell.xib */ = {isa = PBXFileReference; lastKnownFileType = file.xib; path = ShareWallViewCell.xib; sourceTree = "<group>"; };
		FF308E8C2809177F00265863 /* ShareWallViewModel.swift */ = {isa = PBXFileReference; lastKnownFileType = sourcecode.swift; path = ShareWallViewModel.swift; sourceTree = "<group>"; };
		FF308E8E28095B6200265863 /* ShareFilesViewModel.swift */ = {isa = PBXFileReference; lastKnownFileType = sourcecode.swift; path = ShareFilesViewModel.swift; sourceTree = "<group>"; };
		FF308E93280C67FD00265863 /* SharePictureViewCell.xib */ = {isa = PBXFileReference; lastKnownFileType = file.xib; path = SharePictureViewCell.xib; sourceTree = "<group>"; };
		FF308E95280C680F00265863 /* SharePictureViewCell.swift */ = {isa = PBXFileReference; lastKnownFileType = sourcecode.swift; path = SharePictureViewCell.swift; sourceTree = "<group>"; };
		FF308E97280C6AC800265863 /* PictureWallViewController.swift */ = {isa = PBXFileReference; lastKnownFileType = sourcecode.swift; path = PictureWallViewController.swift; sourceTree = "<group>"; };
		FF308E99280C6B0A00265863 /* PictureWall.storyboard */ = {isa = PBXFileReference; lastKnownFileType = file.storyboard; path = PictureWall.storyboard; sourceTree = "<group>"; };
		FF308E9C280C717A00265863 /* KingFisherWrapper.swift */ = {isa = PBXFileReference; lastKnownFileType = sourcecode.swift; path = KingFisherWrapper.swift; sourceTree = "<group>"; };
		FF3FBE4B280FA83900E6B5DC /* HomeDailyViewCell.xib */ = {isa = PBXFileReference; lastKnownFileType = file.xib; path = HomeDailyViewCell.xib; sourceTree = "<group>"; };
		FF3FBE4D280FA85100E6B5DC /* HomeDailyViewCell.swift */ = {isa = PBXFileReference; lastKnownFileType = sourcecode.swift; path = HomeDailyViewCell.swift; sourceTree = "<group>"; };
		FF3FBE4F280FD15400E6B5DC /* PlanDetailViewController.swift */ = {isa = PBXFileReference; lastKnownFileType = sourcecode.swift; path = PlanDetailViewController.swift; sourceTree = "<group>"; };
		FF3FBE552810648000E6B5DC /* PlanDetailView.swift */ = {isa = PBXFileReference; lastKnownFileType = sourcecode.swift; path = PlanDetailView.swift; sourceTree = "<group>"; };
		FF3FBE592811538500E6B5DC /* UIFont+Extension.swift */ = {isa = PBXFileReference; lastKnownFileType = sourcecode.swift; path = "UIFont+Extension.swift"; sourceTree = "<group>"; };
		FF3FBE5F2811A1B600E6B5DC /* CounterView.swift */ = {isa = PBXFileReference; lastKnownFileType = sourcecode.swift; path = CounterView.swift; sourceTree = "<group>"; };
		FF3FBE612811B5EC00E6B5DC /* Squat.json */ = {isa = PBXFileReference; fileEncoding = 4; lastKnownFileType = text.json; path = Squat.json; sourceTree = "<group>"; };
		FF3FBE642811BE7A00E6B5DC /* HomeViewModel.swift */ = {isa = PBXFileReference; lastKnownFileType = sourcecode.swift; path = HomeViewModel.swift; sourceTree = "<group>"; };
		FF3FBE662811C2E100E6B5DC /* Plan.storyboard */ = {isa = PBXFileReference; lastKnownFileType = file.storyboard; path = Plan.storyboard; sourceTree = "<group>"; };
		FF3FBE692811C33B00E6B5DC /* PlanManageViewController.swift */ = {isa = PBXFileReference; lastKnownFileType = sourcecode.swift; path = PlanManageViewController.swift; sourceTree = "<group>"; };
		FF3FBE6B281238FE00E6B5DC /* Plan.swift */ = {isa = PBXFileReference; lastKnownFileType = sourcecode.swift; path = Plan.swift; sourceTree = "<group>"; };
		FF3FBE6D28123A0800E6B5DC /* PlanViewModel.swift */ = {isa = PBXFileReference; lastKnownFileType = sourcecode.swift; path = PlanViewModel.swift; sourceTree = "<group>"; };
		FF3FBE6F28125E4E00E6B5DC /* PlanManageViewCell.swift */ = {isa = PBXFileReference; lastKnownFileType = sourcecode.swift; path = PlanManageViewCell.swift; sourceTree = "<group>"; };
		FF3FBE7128125E5800E6B5DC /* PlanManageViewCell.xib */ = {isa = PBXFileReference; lastKnownFileType = file.xib; path = PlanManageViewCell.xib; sourceTree = "<group>"; };
		FFC0C15128008F640041A937 /* Tireless.app */ = {isa = PBXFileReference; explicitFileType = wrapper.application; includeInIndex = 0; path = Tireless.app; sourceTree = BUILT_PRODUCTS_DIR; };
		FFC0C15428008F640041A937 /* AppDelegate.swift */ = {isa = PBXFileReference; lastKnownFileType = sourcecode.swift; path = AppDelegate.swift; sourceTree = "<group>"; };
		FFC0C15628008F640041A937 /* SceneDelegate.swift */ = {isa = PBXFileReference; lastKnownFileType = sourcecode.swift; path = SceneDelegate.swift; sourceTree = "<group>"; };
		FFC0C15828008F640041A937 /* PoseDetectViewController.swift */ = {isa = PBXFileReference; lastKnownFileType = sourcecode.swift; path = PoseDetectViewController.swift; sourceTree = "<group>"; };
		FFC0C15B28008F640041A937 /* Base */ = {isa = PBXFileReference; lastKnownFileType = file.storyboard; name = Base; path = Base.lproj/Home.storyboard; sourceTree = "<group>"; };
		FFC0C15D28008F650041A937 /* Assets.xcassets */ = {isa = PBXFileReference; lastKnownFileType = folder.assetcatalog; path = Assets.xcassets; sourceTree = "<group>"; };
		FFC0C16028008F650041A937 /* Base */ = {isa = PBXFileReference; lastKnownFileType = file.storyboard; name = Base; path = Base.lproj/LaunchScreen.storyboard; sourceTree = "<group>"; };
		FFC0C16228008F650041A937 /* Info.plist */ = {isa = PBXFileReference; lastKnownFileType = text.plist.xml; path = Info.plist; sourceTree = "<group>"; };
/* End PBXFileReference section */

/* Begin PBXFrameworksBuildPhase section */
		FFC0C14E28008F640041A937 /* Frameworks */ = {
			isa = PBXFrameworksBuildPhase;
			buildActionMask = 2147483647;
			files = (
				A2EC4823DFDFB7062A4D7718 /* Pods_Tireless.framework in Frameworks */,
			);
			runOnlyForDeploymentPostprocessing = 0;
		};
/* End PBXFrameworksBuildPhase section */

/* Begin PBXGroup section */
		8F4A639777C772A20A212B98 /* Pods */ = {
			isa = PBXGroup;
			children = (
				05E556113668D1752E0D9FE4 /* Pods-Tireless.debug.xcconfig */,
				902475581BC1707FF0D936C1 /* Pods-Tireless.release.xcconfig */,
			);
			path = Pods;
			sourceTree = "<group>";
		};
		F088B6317C172ACEDE2B5A23 /* Frameworks */ = {
			isa = PBXGroup;
			children = (
				745C2223D0E016BB19811AAA /* Pods_Tireless.framework */,
			);
			name = Frameworks;
			sourceTree = "<group>";
		};
		FF14448E28009B480027F560 /* View */ = {
			isa = PBXGroup;
			children = (
				FF3FBE542810646500E6B5DC /* PlanView */,
				FF2FE0EC280ED80500F8890D /* HomeViewCell */,
				FF308E92280C67DA00265863 /* SharePictureViewCell */,
				FF308E862808292F00265863 /* ShareWallViewCell */,
				FF308E6028055FA100265863 /* DetectFinishView */,
				FFC0C15A28008F640041A937 /* Home.storyboard */,
				FF3FBE662811C2E100E6B5DC /* Plan.storyboard */,
				FF308E8028080FB800265863 /* Main.storyboard */,
				FF308E822808106500265863 /* ShareWall.storyboard */,
				FF308E99280C6B0A00265863 /* PictureWall.storyboard */,
			);
			path = View;
			sourceTree = "<group>";
		};
		FF14448F28009B5A0027F560 /* Controller */ = {
			isa = PBXGroup;
			children = (
				FF3FBE682811C2FE00E6B5DC /* Plan */,
				FF308E7D28080E4D00265863 /* TabBar */,
				FF308E6528057D5D00265863 /* Home */,
				FF308E612805787300265863 /* PoseDetect */,
				FF308E622805787F00265863 /* ShareWall */,
			);
			path = Controller;
			sourceTree = "<group>";
		};
		FF14449028009B640027F560 /* ViewModel */ = {
			isa = PBXGroup;
			children = (
				FF3FBE632811BE6E00E6B5DC /* Home */,
				FF308E8B2809176D00265863 /* ShareWall */,
				FF308E782807D41500265863 /* Publish */,
				FF1444AD2801836E0027F560 /* PoseDetect */,
			);
			path = ViewModel;
			sourceTree = "<group>";
		};
		FF14449128009B6F0027F560 /* Model */ = {
			isa = PBXGroup;
			children = (
				FF1444A92801623E0027F560 /* PosePoint.swift */,
				FF308E6E2806822B00265863 /* ShareFiles.swift */,
				FF308E762807A4F400265863 /* User.swift */,
				FF3FBE6B281238FE00E6B5DC /* Plan.swift */,
			);
			path = Model;
			sourceTree = "<group>";
		};
		FF14449228009B740027F560 /* Util */ = {
			isa = PBXGroup;
			children = (
				FF14449328009C010027F560 /* Box.swift */,
			);
			path = Util;
			sourceTree = "<group>";
		};
		FF1444A2280156480027F560 /* Extenesions */ = {
			isa = PBXGroup;
			children = (
				FF308E9B280C716000265863 /* Third Party Wrapper */,
				FF308E722807A46700265863 /* Helper */,
				FF1444A4280156600027F560 /* MLKit */,
			);
			path = Extenesions;
			sourceTree = "<group>";
		};
		FF1444A4280156600027F560 /* MLKit */ = {
			isa = PBXGroup;
			children = (
				FF1444A5280156700027F560 /* UIUtilities.swift */,
			);
			path = MLKit;
			sourceTree = "<group>";
		};
		FF1444AD2801836E0027F560 /* PoseDetect */ = {
			isa = PBXGroup;
			children = (
				FF1444A728015BDE0027F560 /* PoseDetectViewModel.swift */,
				FF1444AB280163330027F560 /* PosePointViewModel.swift */,
			);
			path = PoseDetect;
			sourceTree = "<group>";
		};
		FF1444BB280336170027F560 /* VideoRecord */ = {
			isa = PBXGroup;
			children = (
				FF308E542805478D00265863 /* VideoRecordManager.swift */,
			);
			path = VideoRecord;
			sourceTree = "<group>";
		};
		FF1444C12803AEA50027F560 /* Exercise */ = {
			isa = PBXGroup;
			children = (
				FF1444AE280183920027F560 /* SquatManager.swift */,
				FF1444B02801A6760027F560 /* StartManager.swift */,
			);
			path = Exercise;
			sourceTree = "<group>";
		};
		FF1444C52803DF7F0027F560 /* Resource */ = {
			isa = PBXGroup;
			children = (
				FF1444CA28041AFC0027F560 /* Lottie */,
				FFC0C15D28008F650041A937 /* Assets.xcassets */,
			);
			path = Resource;
			sourceTree = "<group>";
		};
		FF1444CA28041AFC0027F560 /* Lottie */ = {
			isa = PBXGroup;
			children = (
				FF1444C8280411A50027F560 /* CountDownGo.json */,
				FF308E5A2805560F00265863 /* DetectDone.json */,
				FF308E702806BB8C00265863 /* ProgressBar.json */,
				FF2FE0E8280E8FD000F8890D /* Loading.json */,
				FF3FBE612811B5EC00E6B5DC /* Squat.json */,
			);
			path = Lottie;
			sourceTree = "<group>";
		};
		FF2FE0EC280ED80500F8890D /* HomeViewCell */ = {
			isa = PBXGroup;
			children = (
				FF2FE0ED280ED81700F8890D /* HomeViewCell.swift */,
				FF2FE0EF280EDB7900F8890D /* HomeHeaderView.swift */,
				FF2FE0F3280F9A5E00F8890D /* HomeDailyHeaderView.swift */,
				FF3FBE4B280FA83900E6B5DC /* HomeDailyViewCell.xib */,
				FF3FBE4D280FA85100E6B5DC /* HomeDailyViewCell.swift */,
			);
			path = HomeViewCell;
			sourceTree = "<group>";
		};
		FF308E6028055FA100265863 /* DetectFinishView */ = {
			isa = PBXGroup;
			children = (
				FF308E5E28055F9E00265863 /* DetectFinishView.swift */,
				FF308E5C28055F9700265863 /* DetectFinishView.xib */,
			);
			path = DetectFinishView;
			sourceTree = "<group>";
		};
		FF308E612805787300265863 /* PoseDetect */ = {
			isa = PBXGroup;
			children = (
				FFC0C15828008F640041A937 /* PoseDetectViewController.swift */,
				FF1444CB28041BC70027F560 /* DetectFinishViewController.swift */,
			);
			path = PoseDetect;
			sourceTree = "<group>";
		};
		FF308E622805787F00265863 /* ShareWall */ = {
			isa = PBXGroup;
			children = (
				FF308E63280578A700265863 /* ShareWallViewController.swift */,
				FF308E97280C6AC800265863 /* PictureWallViewController.swift */,
			);
			path = ShareWall;
			sourceTree = "<group>";
		};
		FF308E6528057D5D00265863 /* Home */ = {
			isa = PBXGroup;
			children = (
				FF308E6728057D7800265863 /* HomeViewController.swift */,
			);
			path = Home;
			sourceTree = "<group>";
		};
		FF308E6B28066DF200265863 /* Network */ = {
			isa = PBXGroup;
			children = (
				FF308E6C28066E0D00265863 /* ShareManager.swift */,
			);
			path = Network;
			sourceTree = "<group>";
		};
		FF308E722807A46700265863 /* Helper */ = {
			isa = PBXGroup;
			children = (
				FF308E842808110100265863 /* UIStoryboard+Extension.swift */,
				FF308E742807A47F00265863 /* Date+Extension.swift */,
				FF2FE0EA280EA8A200F8890D /* UIColor+Extension.swift */,
				FF3FBE592811538500E6B5DC /* UIFont+Extension.swift */,
			);
			path = Helper;
			sourceTree = "<group>";
		};
		FF308E782807D41500265863 /* Publish */ = {
			isa = PBXGroup;
			children = (
				FF308E792807D4A000265863 /* PublishViewModel.swift */,
			);
			path = Publish;
			sourceTree = "<group>";
		};
		FF308E7D28080E4D00265863 /* TabBar */ = {
			isa = PBXGroup;
			children = (
				FF308E7E28080E5B00265863 /* TabBarController.swift */,
			);
			path = TabBar;
			sourceTree = "<group>";
		};
		FF308E862808292F00265863 /* ShareWallViewCell */ = {
			isa = PBXGroup;
			children = (
				FF308E872808294900265863 /* ShareWallViewCell.swift */,
				FF308E892808296400265863 /* ShareWallViewCell.xib */,
			);
			path = ShareWallViewCell;
			sourceTree = "<group>";
		};
		FF308E8B2809176D00265863 /* ShareWall */ = {
			isa = PBXGroup;
			children = (
				FF308E8C2809177F00265863 /* ShareWallViewModel.swift */,
				FF308E8E28095B6200265863 /* ShareFilesViewModel.swift */,
			);
			path = ShareWall;
			sourceTree = "<group>";
		};
		FF308E92280C67DA00265863 /* SharePictureViewCell */ = {
			isa = PBXGroup;
			children = (
				FF308E95280C680F00265863 /* SharePictureViewCell.swift */,
				FF308E93280C67FD00265863 /* SharePictureViewCell.xib */,
			);
			path = SharePictureViewCell;
			sourceTree = "<group>";
		};
		FF308E9B280C716000265863 /* Third Party Wrapper */ = {
			isa = PBXGroup;
			children = (
				FF308E9C280C717A00265863 /* KingFisherWrapper.swift */,
			);
			path = "Third Party Wrapper";
			sourceTree = "<group>";
		};
		FF3FBE542810646500E6B5DC /* PlanView */ = {
			isa = PBXGroup;
			children = (
				FF3FBE552810648000E6B5DC /* PlanDetailView.swift */,
				FF3FBE5F2811A1B600E6B5DC /* CounterView.swift */,
				FF3FBE6F28125E4E00E6B5DC /* PlanManageViewCell.swift */,
				FF3FBE7128125E5800E6B5DC /* PlanManageViewCell.xib */,
			);
			path = PlanView;
			sourceTree = "<group>";
		};
		FF3FBE632811BE6E00E6B5DC /* Home */ = {
			isa = PBXGroup;
			children = (
				FF3FBE642811BE7A00E6B5DC /* HomeViewModel.swift */,
				FF3FBE6D28123A0800E6B5DC /* PlanViewModel.swift */,
			);
			path = Home;
			sourceTree = "<group>";
		};
		FF3FBE682811C2FE00E6B5DC /* Plan */ = {
			isa = PBXGroup;
			children = (
				FF3FBE692811C33B00E6B5DC /* PlanManageViewController.swift */,
				FF3FBE4F280FD15400E6B5DC /* PlanDetailViewController.swift */,
			);
			path = Plan;
			sourceTree = "<group>";
		};
		FFC0C14828008F640041A937 = {
			isa = PBXGroup;
			children = (
				FFC0C15328008F640041A937 /* Tireless */,
				FFC0C15228008F640041A937 /* Products */,
				8F4A639777C772A20A212B98 /* Pods */,
				F088B6317C172ACEDE2B5A23 /* Frameworks */,
			);
			sourceTree = "<group>";
		};
		FFC0C15228008F640041A937 /* Products */ = {
			isa = PBXGroup;
			children = (
				FFC0C15128008F640041A937 /* Tireless.app */,
			);
			name = Products;
			sourceTree = "<group>";
		};
		FFC0C15328008F640041A937 /* Tireless */ = {
			isa = PBXGroup;
			children = (
				FF308E6B28066DF200265863 /* Network */,
				FF1444C12803AEA50027F560 /* Exercise */,
				FF1444BB280336170027F560 /* VideoRecord */,
				FF1444A2280156480027F560 /* Extenesions */,
				FF14448E28009B480027F560 /* View */,
				FF14449228009B740027F560 /* Util */,
				FF14449028009B640027F560 /* ViewModel */,
				FF14448F28009B5A0027F560 /* Controller */,
				FF14449128009B6F0027F560 /* Model */,
				FF1444C52803DF7F0027F560 /* Resource */,
				FFC0C15428008F640041A937 /* AppDelegate.swift */,
				FFC0C15628008F640041A937 /* SceneDelegate.swift */,
				FFC0C15F28008F650041A937 /* LaunchScreen.storyboard */,
				FF308E692806658F00265863 /* GoogleService-Info.plist */,
				FFC0C16228008F650041A937 /* Info.plist */,
			);
			path = Tireless;
			sourceTree = "<group>";
		};
/* End PBXGroup section */

/* Begin PBXNativeTarget section */
		FFC0C15028008F640041A937 /* Tireless */ = {
			isa = PBXNativeTarget;
			buildConfigurationList = FFC0C16528008F650041A937 /* Build configuration list for PBXNativeTarget "Tireless" */;
			buildPhases = (
				6E41D0217CD08F4B2A7C49A7 /* [CP] Check Pods Manifest.lock */,
				FFC0C14D28008F640041A937 /* Sources */,
				FFC0C14E28008F640041A937 /* Frameworks */,
				FFC0C14F28008F640041A937 /* Resources */,
				FF14448D280094800027F560 /* SwiftLint  */,
				7B1C0B9D45046C9981F6F2A8 /* [CP] Embed Pods Frameworks */,
				1C5D0B16ADC731FDB07B638C /* [CP] Copy Pods Resources */,
			);
			buildRules = (
			);
			dependencies = (
			);
			name = Tireless;
			productName = Tireless;
			productReference = FFC0C15128008F640041A937 /* Tireless.app */;
			productType = "com.apple.product-type.application";
		};
/* End PBXNativeTarget section */

/* Begin PBXProject section */
		FFC0C14928008F640041A937 /* Project object */ = {
			isa = PBXProject;
			attributes = {
				BuildIndependentTargetsInParallel = 1;
				LastSwiftUpdateCheck = 1330;
				LastUpgradeCheck = 1330;
				TargetAttributes = {
					FFC0C15028008F640041A937 = {
						CreatedOnToolsVersion = 13.3;
					};
				};
			};
			buildConfigurationList = FFC0C14C28008F640041A937 /* Build configuration list for PBXProject "Tireless" */;
			compatibilityVersion = "Xcode 13.0";
			developmentRegion = en;
			hasScannedForEncodings = 0;
			knownRegions = (
				en,
				Base,
			);
			mainGroup = FFC0C14828008F640041A937;
			productRefGroup = FFC0C15228008F640041A937 /* Products */;
			projectDirPath = "";
			projectRoot = "";
			targets = (
				FFC0C15028008F640041A937 /* Tireless */,
			);
		};
/* End PBXProject section */

/* Begin PBXResourcesBuildPhase section */
		FFC0C14F28008F640041A937 /* Resources */ = {
			isa = PBXResourcesBuildPhase;
			buildActionMask = 2147483647;
			files = (
				FF308E9A280C6B0A00265863 /* PictureWall.storyboard in Resources */,
				FF308E712806BB8C00265863 /* ProgressBar.json in Resources */,
				FF1444C9280411A50027F560 /* CountDownGo.json in Resources */,
				FFC0C16128008F650041A937 /* LaunchScreen.storyboard in Resources */,
				FF3FBE622811B5EC00E6B5DC /* Squat.json in Resources */,
				FF308E94280C67FD00265863 /* SharePictureViewCell.xib in Resources */,
				FF3FBE7228125E5800E6B5DC /* PlanManageViewCell.xib in Resources */,
				FF308E5D28055F9700265863 /* DetectFinishView.xib in Resources */,
				FF308E832808106500265863 /* ShareWall.storyboard in Resources */,
				FF3FBE672811C2E100E6B5DC /* Plan.storyboard in Resources */,
				FFC0C15E28008F650041A937 /* Assets.xcassets in Resources */,
				FF308E5B2805560F00265863 /* DetectDone.json in Resources */,
				FF2FE0E9280E8FD100F8890D /* Loading.json in Resources */,
				FF308E8128080FB800265863 /* Main.storyboard in Resources */,
				FF308E8A2808296400265863 /* ShareWallViewCell.xib in Resources */,
				FF3FBE4C280FA83900E6B5DC /* HomeDailyViewCell.xib in Resources */,
				FFC0C15C28008F640041A937 /* Home.storyboard in Resources */,
				FF308E6A2806658F00265863 /* GoogleService-Info.plist in Resources */,
			);
			runOnlyForDeploymentPostprocessing = 0;
		};
/* End PBXResourcesBuildPhase section */

/* Begin PBXShellScriptBuildPhase section */
		1C5D0B16ADC731FDB07B638C /* [CP] Copy Pods Resources */ = {
			isa = PBXShellScriptBuildPhase;
			buildActionMask = 2147483647;
			files = (
			);
			inputFileListPaths = (
				"${PODS_ROOT}/Target Support Files/Pods-Tireless/Pods-Tireless-resources-${CONFIGURATION}-input-files.xcfilelist",
			);
			name = "[CP] Copy Pods Resources";
			outputFileListPaths = (
				"${PODS_ROOT}/Target Support Files/Pods-Tireless/Pods-Tireless-resources-${CONFIGURATION}-output-files.xcfilelist",
			);
			runOnlyForDeploymentPostprocessing = 0;
			shellPath = /bin/sh;
			shellScript = "\"${PODS_ROOT}/Target Support Files/Pods-Tireless/Pods-Tireless-resources.sh\"\n";
			showEnvVarsInLog = 0;
		};
		6E41D0217CD08F4B2A7C49A7 /* [CP] Check Pods Manifest.lock */ = {
			isa = PBXShellScriptBuildPhase;
			buildActionMask = 2147483647;
			files = (
			);
			inputFileListPaths = (
			);
			inputPaths = (
				"${PODS_PODFILE_DIR_PATH}/Podfile.lock",
				"${PODS_ROOT}/Manifest.lock",
			);
			name = "[CP] Check Pods Manifest.lock";
			outputFileListPaths = (
			);
			outputPaths = (
				"$(DERIVED_FILE_DIR)/Pods-Tireless-checkManifestLockResult.txt",
			);
			runOnlyForDeploymentPostprocessing = 0;
			shellPath = /bin/sh;
			shellScript = "diff \"${PODS_PODFILE_DIR_PATH}/Podfile.lock\" \"${PODS_ROOT}/Manifest.lock\" > /dev/null\nif [ $? != 0 ] ; then\n    # print error to STDERR\n    echo \"error: The sandbox is not in sync with the Podfile.lock. Run 'pod install' or update your CocoaPods installation.\" >&2\n    exit 1\nfi\n# This output is used by Xcode 'outputs' to avoid re-running this script phase.\necho \"SUCCESS\" > \"${SCRIPT_OUTPUT_FILE_0}\"\n";
			showEnvVarsInLog = 0;
		};
		7B1C0B9D45046C9981F6F2A8 /* [CP] Embed Pods Frameworks */ = {
			isa = PBXShellScriptBuildPhase;
			buildActionMask = 2147483647;
			files = (
			);
			inputFileListPaths = (
				"${PODS_ROOT}/Target Support Files/Pods-Tireless/Pods-Tireless-frameworks-${CONFIGURATION}-input-files.xcfilelist",
			);
			name = "[CP] Embed Pods Frameworks";
			outputFileListPaths = (
				"${PODS_ROOT}/Target Support Files/Pods-Tireless/Pods-Tireless-frameworks-${CONFIGURATION}-output-files.xcfilelist",
			);
			runOnlyForDeploymentPostprocessing = 0;
			shellPath = /bin/sh;
			shellScript = "\"${PODS_ROOT}/Target Support Files/Pods-Tireless/Pods-Tireless-frameworks.sh\"\n";
			showEnvVarsInLog = 0;
		};
		FF14448D280094800027F560 /* SwiftLint  */ = {
			isa = PBXShellScriptBuildPhase;
			buildActionMask = 2147483647;
			files = (
			);
			inputFileListPaths = (
			);
			inputPaths = (
			);
			name = "SwiftLint ";
			outputFileListPaths = (
			);
			outputPaths = (
			);
			runOnlyForDeploymentPostprocessing = 0;
			shellPath = /bin/sh;
			shellScript = "# SwiftLint Pods\n\"${PODS_ROOT}/SwiftLint/swiftlint\"\n";
		};
/* End PBXShellScriptBuildPhase section */

/* Begin PBXSourcesBuildPhase section */
		FFC0C14D28008F640041A937 /* Sources */ = {
			isa = PBXSourcesBuildPhase;
			buildActionMask = 2147483647;
			files = (
				FF1444CC28041BC70027F560 /* DetectFinishViewController.swift in Sources */,
				FF308E96280C680F00265863 /* SharePictureViewCell.swift in Sources */,
				FF3FBE50280FD15400E6B5DC /* PlanDetailViewController.swift in Sources */,
				FF1444B12801A6760027F560 /* StartManager.swift in Sources */,
				FF308E8D2809177F00265863 /* ShareWallViewModel.swift in Sources */,
				FF3FBE4E280FA85100E6B5DC /* HomeDailyViewCell.swift in Sources */,
				FF3FBE5A2811538500E6B5DC /* UIFont+Extension.swift in Sources */,
				FF308E9D280C717A00265863 /* KingFisherWrapper.swift in Sources */,
				FF3FBE6A2811C33B00E6B5DC /* PlanManageViewController.swift in Sources */,
				FF308E552805478D00265863 /* VideoRecordManager.swift in Sources */,
				FF308E98280C6AC800265863 /* PictureWallViewController.swift in Sources */,
				FF2FE0F0280EDB7900F8890D /* HomeHeaderView.swift in Sources */,
				FF1444AC280163330027F560 /* PosePointViewModel.swift in Sources */,
				FF3FBE6E28123A0800E6B5DC /* PlanViewModel.swift in Sources */,
				FF308E64280578A700265863 /* ShareWallViewController.swift in Sources */,
				FF308E6828057D7800265863 /* HomeViewController.swift in Sources */,
				FF308E5F28055F9E00265863 /* DetectFinishView.swift in Sources */,
				FF1444AF280183920027F560 /* SquatManager.swift in Sources */,
				FF1444A828015BDE0027F560 /* PoseDetectViewModel.swift in Sources */,
				FFC0C15928008F640041A937 /* PoseDetectViewController.swift in Sources */,
				FF1444AA2801623E0027F560 /* PosePoint.swift in Sources */,
				FF3FBE652811BE7A00E6B5DC /* HomeViewModel.swift in Sources */,
				FF308E6F2806822B00265863 /* ShareFiles.swift in Sources */,
				FF308E852808110100265863 /* UIStoryboard+Extension.swift in Sources */,
				FF2FE0EE280ED81700F8890D /* HomeViewCell.swift in Sources */,
				FF3FBE6C281238FE00E6B5DC /* Plan.swift in Sources */,
				FF3FBE562810648000E6B5DC /* PlanDetailView.swift in Sources */,
				FF1444A6280156700027F560 /* UIUtilities.swift in Sources */,
				FF2FE0F4280F9A5E00F8890D /* HomeDailyHeaderView.swift in Sources */,
				FF14449428009C010027F560 /* Box.swift in Sources */,
				FF3FBE7028125E4E00E6B5DC /* PlanManageViewCell.swift in Sources */,
				FF3FBE602811A1B600E6B5DC /* CounterView.swift in Sources */,
				FF2FE0EB280EA8A200F8890D /* UIColor+Extension.swift in Sources */,
				FFC0C15528008F640041A937 /* AppDelegate.swift in Sources */,
				FF308E752807A47F00265863 /* Date+Extension.swift in Sources */,
				FF308E8F28095B6200265863 /* ShareFilesViewModel.swift in Sources */,
				FF308E7A2807D4A000265863 /* PublishViewModel.swift in Sources */,
				FFC0C15728008F640041A937 /* SceneDelegate.swift in Sources */,
				FF308E7F28080E5B00265863 /* TabBarController.swift in Sources */,
				FF308E6D28066E0D00265863 /* ShareManager.swift in Sources */,
				FF308E772807A4F400265863 /* User.swift in Sources */,
				FF308E882808294900265863 /* ShareWallViewCell.swift in Sources */,
			);
			runOnlyForDeploymentPostprocessing = 0;
		};
/* End PBXSourcesBuildPhase section */

/* Begin PBXVariantGroup section */
		FFC0C15A28008F640041A937 /* Home.storyboard */ = {
			isa = PBXVariantGroup;
			children = (
				FFC0C15B28008F640041A937 /* Base */,
			);
			name = Home.storyboard;
			sourceTree = "<group>";
		};
		FFC0C15F28008F650041A937 /* LaunchScreen.storyboard */ = {
			isa = PBXVariantGroup;
			children = (
				FFC0C16028008F650041A937 /* Base */,
			);
			name = LaunchScreen.storyboard;
			sourceTree = "<group>";
		};
/* End PBXVariantGroup section */

/* Begin XCBuildConfiguration section */
		FFC0C16328008F650041A937 /* Debug */ = {
			isa = XCBuildConfiguration;
			buildSettings = {
				ALWAYS_SEARCH_USER_PATHS = NO;
				CLANG_ANALYZER_NONNULL = YES;
				CLANG_ANALYZER_NUMBER_OBJECT_CONVERSION = YES_AGGRESSIVE;
				CLANG_CXX_LANGUAGE_STANDARD = "gnu++17";
				CLANG_ENABLE_MODULES = YES;
				CLANG_ENABLE_OBJC_ARC = YES;
				CLANG_ENABLE_OBJC_WEAK = YES;
				CLANG_WARN_BLOCK_CAPTURE_AUTORELEASING = YES;
				CLANG_WARN_BOOL_CONVERSION = YES;
				CLANG_WARN_COMMA = YES;
				CLANG_WARN_CONSTANT_CONVERSION = YES;
				CLANG_WARN_DEPRECATED_OBJC_IMPLEMENTATIONS = YES;
				CLANG_WARN_DIRECT_OBJC_ISA_USAGE = YES_ERROR;
				CLANG_WARN_DOCUMENTATION_COMMENTS = YES;
				CLANG_WARN_EMPTY_BODY = YES;
				CLANG_WARN_ENUM_CONVERSION = YES;
				CLANG_WARN_INFINITE_RECURSION = YES;
				CLANG_WARN_INT_CONVERSION = YES;
				CLANG_WARN_NON_LITERAL_NULL_CONVERSION = YES;
				CLANG_WARN_OBJC_IMPLICIT_RETAIN_SELF = YES;
				CLANG_WARN_OBJC_LITERAL_CONVERSION = YES;
				CLANG_WARN_OBJC_ROOT_CLASS = YES_ERROR;
				CLANG_WARN_QUOTED_INCLUDE_IN_FRAMEWORK_HEADER = YES;
				CLANG_WARN_RANGE_LOOP_ANALYSIS = YES;
				CLANG_WARN_STRICT_PROTOTYPES = YES;
				CLANG_WARN_SUSPICIOUS_MOVE = YES;
				CLANG_WARN_UNGUARDED_AVAILABILITY = YES_AGGRESSIVE;
				CLANG_WARN_UNREACHABLE_CODE = YES;
				CLANG_WARN__DUPLICATE_METHOD_MATCH = YES;
				COPY_PHASE_STRIP = NO;
				DEBUG_INFORMATION_FORMAT = dwarf;
				ENABLE_STRICT_OBJC_MSGSEND = YES;
				ENABLE_TESTABILITY = YES;
				"EXCLUDED_ARCHS[sdk=iphonesimulator*]" = arm64;
				GCC_C_LANGUAGE_STANDARD = gnu11;
				GCC_DYNAMIC_NO_PIC = NO;
				GCC_NO_COMMON_BLOCKS = YES;
				GCC_OPTIMIZATION_LEVEL = 0;
				GCC_PREPROCESSOR_DEFINITIONS = (
					"DEBUG=1",
					"$(inherited)",
				);
				GCC_WARN_64_TO_32_BIT_CONVERSION = YES;
				GCC_WARN_ABOUT_RETURN_TYPE = YES_ERROR;
				GCC_WARN_UNDECLARED_SELECTOR = YES;
				GCC_WARN_UNINITIALIZED_AUTOS = YES_AGGRESSIVE;
				GCC_WARN_UNUSED_FUNCTION = YES;
				GCC_WARN_UNUSED_VARIABLE = YES;
				IPHONEOS_DEPLOYMENT_TARGET = 14;
				MTL_ENABLE_DEBUG_INFO = INCLUDE_SOURCE;
				MTL_FAST_MATH = YES;
				ONLY_ACTIVE_ARCH = YES;
				SDKROOT = iphoneos;
				SWIFT_ACTIVE_COMPILATION_CONDITIONS = DEBUG;
				SWIFT_OPTIMIZATION_LEVEL = "-Onone";
			};
			name = Debug;
		};
		FFC0C16428008F650041A937 /* Release */ = {
			isa = XCBuildConfiguration;
			buildSettings = {
				ALWAYS_SEARCH_USER_PATHS = NO;
				CLANG_ANALYZER_NONNULL = YES;
				CLANG_ANALYZER_NUMBER_OBJECT_CONVERSION = YES_AGGRESSIVE;
				CLANG_CXX_LANGUAGE_STANDARD = "gnu++17";
				CLANG_ENABLE_MODULES = YES;
				CLANG_ENABLE_OBJC_ARC = YES;
				CLANG_ENABLE_OBJC_WEAK = YES;
				CLANG_WARN_BLOCK_CAPTURE_AUTORELEASING = YES;
				CLANG_WARN_BOOL_CONVERSION = YES;
				CLANG_WARN_COMMA = YES;
				CLANG_WARN_CONSTANT_CONVERSION = YES;
				CLANG_WARN_DEPRECATED_OBJC_IMPLEMENTATIONS = YES;
				CLANG_WARN_DIRECT_OBJC_ISA_USAGE = YES_ERROR;
				CLANG_WARN_DOCUMENTATION_COMMENTS = YES;
				CLANG_WARN_EMPTY_BODY = YES;
				CLANG_WARN_ENUM_CONVERSION = YES;
				CLANG_WARN_INFINITE_RECURSION = YES;
				CLANG_WARN_INT_CONVERSION = YES;
				CLANG_WARN_NON_LITERAL_NULL_CONVERSION = YES;
				CLANG_WARN_OBJC_IMPLICIT_RETAIN_SELF = YES;
				CLANG_WARN_OBJC_LITERAL_CONVERSION = YES;
				CLANG_WARN_OBJC_ROOT_CLASS = YES_ERROR;
				CLANG_WARN_QUOTED_INCLUDE_IN_FRAMEWORK_HEADER = YES;
				CLANG_WARN_RANGE_LOOP_ANALYSIS = YES;
				CLANG_WARN_STRICT_PROTOTYPES = YES;
				CLANG_WARN_SUSPICIOUS_MOVE = YES;
				CLANG_WARN_UNGUARDED_AVAILABILITY = YES_AGGRESSIVE;
				CLANG_WARN_UNREACHABLE_CODE = YES;
				CLANG_WARN__DUPLICATE_METHOD_MATCH = YES;
				COPY_PHASE_STRIP = NO;
				DEBUG_INFORMATION_FORMAT = "dwarf-with-dsym";
				ENABLE_NS_ASSERTIONS = NO;
				ENABLE_STRICT_OBJC_MSGSEND = YES;
				GCC_C_LANGUAGE_STANDARD = gnu11;
				GCC_NO_COMMON_BLOCKS = YES;
				GCC_WARN_64_TO_32_BIT_CONVERSION = YES;
				GCC_WARN_ABOUT_RETURN_TYPE = YES_ERROR;
				GCC_WARN_UNDECLARED_SELECTOR = YES;
				GCC_WARN_UNINITIALIZED_AUTOS = YES_AGGRESSIVE;
				GCC_WARN_UNUSED_FUNCTION = YES;
				GCC_WARN_UNUSED_VARIABLE = YES;
				IPHONEOS_DEPLOYMENT_TARGET = 14;
				MTL_ENABLE_DEBUG_INFO = NO;
				MTL_FAST_MATH = YES;
				SDKROOT = iphoneos;
				SWIFT_COMPILATION_MODE = wholemodule;
				SWIFT_OPTIMIZATION_LEVEL = "-O";
				VALIDATE_PRODUCT = YES;
			};
			name = Release;
		};
		FFC0C16628008F650041A937 /* Debug */ = {
			isa = XCBuildConfiguration;
			baseConfigurationReference = 05E556113668D1752E0D9FE4 /* Pods-Tireless.debug.xcconfig */;
			buildSettings = {
				ASSETCATALOG_COMPILER_APPICON_NAME = AppIcon;
				ASSETCATALOG_COMPILER_GLOBAL_ACCENT_COLOR_NAME = AccentColor;
				CODE_SIGN_STYLE = Automatic;
				CURRENT_PROJECT_VERSION = 1;
				DEVELOPMENT_TEAM = 3F3N8USCH4;
				GENERATE_INFOPLIST_FILE = YES;
				INFOPLIST_FILE = Tireless/Info.plist;
				INFOPLIST_KEY_NSCameraUsageDescription = "We need access your Camera!";
				INFOPLIST_KEY_NSMicrophoneUsageDescription = "We need access your Microphone!";
				INFOPLIST_KEY_NSPhotoLibraryUsageDescription = "We need access your Photo Library!";
				INFOPLIST_KEY_UIApplicationSupportsIndirectInputEvents = YES;
				INFOPLIST_KEY_UILaunchStoryboardName = LaunchScreen;
				INFOPLIST_KEY_UIMainStoryboardFile = Main;
				INFOPLIST_KEY_UISupportedInterfaceOrientations = "";
				INFOPLIST_KEY_UISupportedInterfaceOrientations_iPad = "UIInterfaceOrientationPortrait UIInterfaceOrientationPortraitUpsideDown UIInterfaceOrientationLandscapeLeft UIInterfaceOrientationLandscapeRight";
				INFOPLIST_KEY_UISupportedInterfaceOrientations_iPhone = UIInterfaceOrientationPortrait;
				LD_RUNPATH_SEARCH_PATHS = (
					"$(inherited)",
					"@executable_path/Frameworks",
				);
				MARKETING_VERSION = 1.0;
				PRODUCT_BUNDLE_IDENTIFIER = com.LiamHao.Tireless;
				PRODUCT_NAME = "$(TARGET_NAME)";
				SWIFT_EMIT_LOC_STRINGS = YES;
				SWIFT_VERSION = 5.0;
				TARGETED_DEVICE_FAMILY = "1,2";
			};
			name = Debug;
		};
		FFC0C16728008F650041A937 /* Release */ = {
			isa = XCBuildConfiguration;
			baseConfigurationReference = 902475581BC1707FF0D936C1 /* Pods-Tireless.release.xcconfig */;
			buildSettings = {
				ASSETCATALOG_COMPILER_APPICON_NAME = AppIcon;
				ASSETCATALOG_COMPILER_GLOBAL_ACCENT_COLOR_NAME = AccentColor;
				CODE_SIGN_STYLE = Automatic;
				CURRENT_PROJECT_VERSION = 1;
				DEVELOPMENT_TEAM = 3F3N8USCH4;
				GENERATE_INFOPLIST_FILE = YES;
				INFOPLIST_FILE = Tireless/Info.plist;
				INFOPLIST_KEY_NSCameraUsageDescription = "We need access your Camera!";
				INFOPLIST_KEY_NSMicrophoneUsageDescription = "We need access your Microphone!";
				INFOPLIST_KEY_NSPhotoLibraryUsageDescription = "We need access your Photo Library!";
				INFOPLIST_KEY_UIApplicationSupportsIndirectInputEvents = YES;
				INFOPLIST_KEY_UILaunchStoryboardName = LaunchScreen;
				INFOPLIST_KEY_UIMainStoryboardFile = Main;
				INFOPLIST_KEY_UISupportedInterfaceOrientations = "";
				INFOPLIST_KEY_UISupportedInterfaceOrientations_iPad = "UIInterfaceOrientationPortrait UIInterfaceOrientationPortraitUpsideDown UIInterfaceOrientationLandscapeLeft UIInterfaceOrientationLandscapeRight";
				INFOPLIST_KEY_UISupportedInterfaceOrientations_iPhone = UIInterfaceOrientationPortrait;
				LD_RUNPATH_SEARCH_PATHS = (
					"$(inherited)",
					"@executable_path/Frameworks",
				);
				MARKETING_VERSION = 1.0;
				PRODUCT_BUNDLE_IDENTIFIER = com.LiamHao.Tireless;
				PRODUCT_NAME = "$(TARGET_NAME)";
				SWIFT_EMIT_LOC_STRINGS = YES;
				SWIFT_VERSION = 5.0;
				TARGETED_DEVICE_FAMILY = "1,2";
			};
			name = Release;
		};
/* End XCBuildConfiguration section */

/* Begin XCConfigurationList section */
		FFC0C14C28008F640041A937 /* Build configuration list for PBXProject "Tireless" */ = {
			isa = XCConfigurationList;
			buildConfigurations = (
				FFC0C16328008F650041A937 /* Debug */,
				FFC0C16428008F650041A937 /* Release */,
			);
			defaultConfigurationIsVisible = 0;
			defaultConfigurationName = Release;
		};
		FFC0C16528008F650041A937 /* Build configuration list for PBXNativeTarget "Tireless" */ = {
			isa = XCConfigurationList;
			buildConfigurations = (
				FFC0C16628008F650041A937 /* Debug */,
				FFC0C16728008F650041A937 /* Release */,
			);
			defaultConfigurationIsVisible = 0;
			defaultConfigurationName = Release;
		};
/* End XCConfigurationList section */
	};
	rootObject = FFC0C14928008F640041A937 /* Project object */;
}
